{
  "version": 4,
  "terraform_version": "0.13.5",
  "serial": 61,
  "lineage": "63c1acbd-2440-2b4e-c626-9693c3058a88",
  "outputs": {},
  "resources": [
    {
      "mode": "data",
      "type": "aws_availability_zones",
      "name": "available",
      "provider": "provider[\"registry.terraform.io/hashicorp/aws\"]",
      "instances": [
        {
          "schema_version": 0,
          "attributes": {
            "all_availability_zones": null,
            "exclude_names": null,
            "exclude_zone_ids": null,
            "filter": null,
            "group_names": [
              "us-east-2"
            ],
            "id": "us-east-2",
            "names": [
              "us-east-2a",
              "us-east-2b",
              "us-east-2c"
            ],
            "state": null,
            "zone_ids": [
              "use2-az1",
              "use2-az2",
              "use2-az3"
            ]
          }
        }
      ]
    },
    {
      "mode": "data",
      "type": "aws_eks_cluster",
      "name": "cluster",
      "provider": "provider[\"registry.terraform.io/hashicorp/aws\"]",
      "instances": [
        {
          "schema_version": 0,
          "attributes": {
            "arn": "arn:aws:eks:us-east-2:258717960431:cluster/challenge-test",
            "certificate_authority": [
              {
                "data": "LS0tLS1CRUdJTiBDRVJUSUZJQ0FURS0tLS0tCk1JSUN5RENDQWJDZ0F3SUJBZ0lCQURBTkJna3Foa2lHOXcwQkFRc0ZBREFWTVJNd0VRWURWUVFERXdwcmRXSmwKY201bGRHVnpNQjRYRFRJeE1EY3lPREUxTVRRd05Gb1hEVE14TURjeU5qRTFNVFF3TkZvd0ZURVRNQkVHQTFVRQpBeE1LYTNWaVpYSnVaWFJsY3pDQ0FTSXdEUVlKS29aSWh2Y05BUUVCQlFBRGdnRVBBRENDQVFvQ2dnRUJBTU1RCjIwODRCejM3MGlSWmw1bzdGOU81SjNSMGhyblNtbVZHUjRDR0k4Yk1oOEpJcm1BN0FxSWFzTEJrZ0cwMFNKQkQKbU03ZHZQR2prL29zcFJXT1lIamJ3ME5MelB3c1Z0ODBtQ2p4NWFEZU9SdkRQYjBBNmJwbDBqeDRGMXp1NTN4NQpQSklNYklEb3U1aFpGeFZSa2tZbC9keEJ4MmpLbFB0SUJ5N1MzbHpzY1VnSS9WcGE0WHlibzZaWXlKdVRLS1ArCi82UFgrNHhhQkFVY3lnalcyQ2tUeWZiS0c5RVFQS1VNenNCMW9JZEd3Y2NkV2dYaE94U1NIcm5GWmVNTlk1MngKR3J4cVJ1MlJ5WVJJK3k1OWZFS29CRTdIY240bER4U0VZM25YOEZ0QUpocG4wY2ZGRGNPS2l1L3JJaURDMVBkSwpmMzFWZk1Bc2FTS0dMWTYwLzE4Q0F3RUFBYU1qTUNFd0RnWURWUjBQQVFIL0JBUURBZ0trTUE4R0ExVWRFd0VCCi93UUZNQU1CQWY4d0RRWUpLb1pJaHZjTkFRRUxCUUFEZ2dFQkFFbFJ1SDF6TzRpRTMydlhERW9qYlFObE1NSDMKd3dJK2ZURFFNTFgzd1M0VjdRQXZDZytGemtucjlGZDRrSkhxK3NWYVJZZ1k3WGcxOXVuR2FPd01PZDY4azl4QQpJK2tZSm1mRnQxdkxrZWRucEdZbUNsK0VTKzN6YWtVTjVINTZjMHR1WGhwTGVTN09pQU9VMkw3Zm5CdHN2TXI5ClRVNXNVOGJzSE42bXFqRlJoeWs3WlJsM0h5V1B0MVM3ZnZSQlRLSkZqY0t3enpjTUdxRnlOMWpXMFRTUjhLSXcKTEdwelFkOVVEeDlLN0Nwd2pTNlFzdzF4SDZKQkRqQXNMYVRrMWViaTdsQ095VldJbHAvMUh5dXRkUVoreHJibgpXLzNxczlmeUdJR3Y1K0lXZkhQZ3Nqc01pbkdmVTF1aU1YVGoydkFOM1pYYVkzblQxMUlBR01Nakk3ND0KLS0tLS1FTkQgQ0VSVElGSUNBVEUtLS0tLQo="
              }
            ],
            "created_at": "2021-07-28 15:08:12.293 +0000 UTC",
            "enabled_cluster_log_types": [],
            "endpoint": "https://3BFD2AACF2FA97E31082A7BD98E1F586.gr7.us-east-2.eks.amazonaws.com",
            "id": "challenge-test",
            "identity": [
              {
                "oidc": [
                  {
                    "issuer": "https://oidc.eks.us-east-2.amazonaws.com/id/3BFD2AACF2FA97E31082A7BD98E1F586"
                  }
                ]
              }
            ],
            "kubernetes_network_config": [
              {
                "service_ipv4_cidr": "172.20.0.0/16"
              }
            ],
            "name": "challenge-test",
            "platform_version": "eks.7",
            "role_arn": "arn:aws:iam::258717960431:role/challenge-test20210728150806531000000001",
            "status": "ACTIVE",
            "tags": {},
            "version": "1.18",
            "vpc_config": [
              {
                "cluster_security_group_id": "sg-031b889ee87b84698",
                "endpoint_private_access": true,
                "endpoint_public_access": true,
                "public_access_cidrs": [
                  "0.0.0.0/0"
                ],
                "security_group_ids": [
                  "sg-063227a2c94d5d0e9"
                ],
                "subnet_ids": [
                  "subnet-05eea854b364427aa",
                  "subnet-07c083ba6fcd910a0",
                  "subnet-0a08015d394f3cfd3"
                ],
                "vpc_id": "vpc-0d6755302de97bdad"
              }
            ]
          }
        }
      ]
    },
    {
      "mode": "data",
      "type": "aws_eks_cluster_auth",
      "name": "cluster",
      "provider": "provider[\"registry.terraform.io/hashicorp/aws\"]",
      "instances": [
        {
          "schema_version": 0,
          "attributes": {
            "id": "challenge-test",
            "name": "challenge-test",
            "token": "k8s-aws-v1.aHR0cHM6Ly9zdHMuYW1hem9uYXdzLmNvbS8_QWN0aW9uPUdldENhbGxlcklkZW50aXR5JlZlcnNpb249MjAxMS0wNi0xNSZYLUFtei1BbGdvcml0aG09QVdTNC1ITUFDLVNIQTI1NiZYLUFtei1DcmVkZW50aWFsPUFLSUFUWVBHS1pEWFpNUzJIWkdRJTJGMjAyMTA3MjglMkZ1cy1lYXN0LTElMkZzdHMlMkZhd3M0X3JlcXVlc3QmWC1BbXotRGF0ZT0yMDIxMDcyOFQxNjUyMjBaJlgtQW16LUV4cGlyZXM9MCZYLUFtei1TaWduZWRIZWFkZXJzPWhvc3QlM0J4LWs4cy1hd3MtaWQmWC1BbXotU2lnbmF0dXJlPWZhZjhmYjBhOWZiNDk0ZmJkZjg2NWY0ZTg1NGM1OTkxZTJkNTNjMWU0MTY3M2FlZmRhYmFkYTg5YzhmMTgzMmI"
          }
        }
      ]
    },
    {
      "mode": "managed",
      "type": "aws_s3_bucket_policy",
      "name": "bucket-policy",
      "provider": "provider[\"registry.terraform.io/hashicorp/aws\"]",
      "instances": []
    },
    {
      "mode": "managed",
      "type": "aws_security_group",
      "name": "eks_all_worker",
      "provider": "provider[\"registry.terraform.io/hashicorp/aws\"]",
      "instances": [
        {
          "schema_version": 1,
          "attributes": {
            "arn": "arn:aws:ec2:us-east-2:258717960431:security-group/sg-076ca4854f856986c",
            "description": "Managed by Terraform",
            "egress": [
              {
                "cidr_blocks": [
                  "0.0.0.0/0"
                ],
                "description": "",
                "from_port": 0,
                "ipv6_cidr_blocks": [],
                "prefix_list_ids": [],
                "protocol": "-1",
                "security_groups": [],
                "self": false,
                "to_port": 0
              }
            ],
            "id": "sg-076ca4854f856986c",
            "ingress": [
              {
                "cidr_blocks": [
                  "0.0.0.0/0"
                ],
                "description": "HTTP",
                "from_port": 80,
                "ipv6_cidr_blocks": [],
                "prefix_list_ids": [],
                "protocol": "tcp",
                "security_groups": [],
                "self": false,
                "to_port": 80
              },
              {
                "cidr_blocks": [
                  "0.0.0.0/0"
                ],
                "description": "HTTPS",
                "from_port": 443,
                "ipv6_cidr_blocks": [],
                "prefix_list_ids": [],
                "protocol": "tcp",
                "security_groups": [],
                "self": false,
                "to_port": 443
              }
            ],
            "name": "all_worker_management20210728150806539400000005",
            "name_prefix": "all_worker_management",
            "owner_id": "258717960431",
            "revoke_rules_on_delete": false,
            "tags": {},
            "tags_all": {},
            "timeouts": null,
            "vpc_id": "vpc-0d6755302de97bdad"
          },
          "private": "eyJlMmJmYjczMC1lY2FhLTExZTYtOGY4OC0zNDM2M2JjN2M0YzAiOnsiY3JlYXRlIjo2MDAwMDAwMDAwMDAsImRlbGV0ZSI6OTAwMDAwMDAwMDAwfSwic2NoZW1hX3ZlcnNpb24iOiIxIn0=",
          "dependencies": [
            "module.vpc.aws_vpc.this"
          ]
        }
      ]
    },
    {
      "mode": "managed",
      "type": "kubernetes_namespace",
      "name": "ingress-controller",
      "provider": "provider[\"registry.terraform.io/hashicorp/kubernetes\"]",
      "instances": [
        {
          "schema_version": 0,
          "attributes": {
            "id": "ingress-nginx",
            "metadata": [
              {
                "annotations": {},
                "generate_name": "",
                "generation": 0,
                "labels": {},
                "name": "ingress-nginx",
                "resource_version": "8245",
                "self_link": "/api/v1/namespaces/ingress-nginx",
                "uid": "71968ea3-fbe5-4722-967f-d777cc477aac"
              }
            ],
            "timeouts": null
          },
          "private": "eyJlMmJmYjczMC1lY2FhLTExZTYtOGY4OC0zNDM2M2JjN2M0YzAiOnsiZGVsZXRlIjozMDAwMDAwMDAwMDB9fQ==",
          "dependencies": [
            "data.aws_eks_cluster.cluster",
            "data.aws_eks_cluster_auth.cluster",
            "module.eks.aws_cloudwatch_log_group.this",
            "module.eks.aws_eks_cluster.this",
            "module.eks.aws_iam_role.cluster",
            "module.eks.aws_iam_role_policy_attachment.cluster_AmazonEKSClusterPolicy",
            "module.eks.aws_iam_role_policy_attachment.cluster_AmazonEKSServicePolicy",
            "module.eks.aws_iam_role_policy_attachment.cluster_AmazonEKSVPCResourceControllerPolicy",
            "module.eks.aws_security_group.cluster",
            "module.eks.aws_security_group.workers",
            "module.eks.aws_security_group_rule.cluster_egress_internet",
            "module.eks.aws_security_group_rule.cluster_https_worker_ingress",
            "module.eks.aws_security_group_rule.cluster_private_access",
            "module.eks.data.aws_iam_policy_document.cluster_assume_role_policy",
            "module.eks.data.aws_iam_role.custom_cluster_iam_role",
            "module.eks.data.aws_partition.current",
            "module.eks.null_resource.wait_for_cluster",
            "module.vpc.aws_subnet.private",
            "module.vpc.aws_vpc.this"
          ]
        }
      ]
    },
    {
      "mode": "managed",
      "type": "kubernetes_namespace",
      "name": "production",
      "provider": "provider[\"registry.terraform.io/hashicorp/kubernetes\"]",
      "instances": [
        {
          "schema_version": 0,
          "attributes": {
            "id": "production",
            "metadata": [
              {
                "annotations": {},
                "generate_name": "",
                "generation": 0,
                "labels": {},
                "name": "production",
                "resource_version": "856",
                "self_link": "/api/v1/namespaces/production",
                "uid": "403dfd56-ab11-4bc7-a103-da3469c782d6"
              }
            ],
            "timeouts": null
          },
          "private": "eyJlMmJmYjczMC1lY2FhLTExZTYtOGY4OC0zNDM2M2JjN2M0YzAiOnsiZGVsZXRlIjozMDAwMDAwMDAwMDB9fQ==",
          "dependencies": [
            "data.aws_eks_cluster.cluster",
            "data.aws_eks_cluster_auth.cluster",
            "module.eks.aws_cloudwatch_log_group.this",
            "module.eks.aws_eks_cluster.this",
            "module.eks.aws_iam_role.cluster",
            "module.eks.aws_iam_role_policy_attachment.cluster_AmazonEKSClusterPolicy",
            "module.eks.aws_iam_role_policy_attachment.cluster_AmazonEKSServicePolicy",
            "module.eks.aws_iam_role_policy_attachment.cluster_AmazonEKSVPCResourceControllerPolicy",
            "module.eks.aws_security_group.cluster",
            "module.eks.aws_security_group.workers",
            "module.eks.aws_security_group_rule.cluster_egress_internet",
            "module.eks.aws_security_group_rule.cluster_https_worker_ingress",
            "module.eks.aws_security_group_rule.cluster_private_access",
            "module.eks.data.aws_iam_policy_document.cluster_assume_role_policy",
            "module.eks.data.aws_iam_role.custom_cluster_iam_role",
            "module.eks.data.aws_partition.current",
            "module.eks.null_resource.wait_for_cluster",
            "module.vpc.aws_subnet.private",
            "module.vpc.aws_vpc.this"
          ]
        }
      ]
    },
    {
      "mode": "managed",
      "type": "kubernetes_namespace",
      "name": "staging",
      "provider": "provider[\"registry.terraform.io/hashicorp/kubernetes\"]",
      "instances": [
        {
          "schema_version": 0,
          "attributes": {
            "id": "staging",
            "metadata": [
              {
                "annotations": {},
                "generate_name": "",
                "generation": 0,
                "labels": {},
                "name": "staging",
                "resource_version": "855",
                "self_link": "/api/v1/namespaces/staging",
                "uid": "3fab739d-1ac7-4988-bb1d-3e7a1e3441df"
              }
            ],
            "timeouts": null
          },
          "private": "eyJlMmJmYjczMC1lY2FhLTExZTYtOGY4OC0zNDM2M2JjN2M0YzAiOnsiZGVsZXRlIjozMDAwMDAwMDAwMDB9fQ==",
          "dependencies": [
            "data.aws_eks_cluster.cluster",
            "data.aws_eks_cluster_auth.cluster",
            "module.eks.aws_cloudwatch_log_group.this",
            "module.eks.aws_eks_cluster.this",
            "module.eks.aws_iam_role.cluster",
            "module.eks.aws_iam_role_policy_attachment.cluster_AmazonEKSClusterPolicy",
            "module.eks.aws_iam_role_policy_attachment.cluster_AmazonEKSServicePolicy",
            "module.eks.aws_iam_role_policy_attachment.cluster_AmazonEKSVPCResourceControllerPolicy",
            "module.eks.aws_security_group.cluster",
            "module.eks.aws_security_group.workers",
            "module.eks.aws_security_group_rule.cluster_egress_internet",
            "module.eks.aws_security_group_rule.cluster_https_worker_ingress",
            "module.eks.aws_security_group_rule.cluster_private_access",
            "module.eks.data.aws_iam_policy_document.cluster_assume_role_policy",
            "module.eks.data.aws_iam_role.custom_cluster_iam_role",
            "module.eks.data.aws_partition.current",
            "module.eks.null_resource.wait_for_cluster",
            "module.vpc.aws_subnet.private",
            "module.vpc.aws_vpc.this"
          ]
        }
      ]
    },
    {
      "module": "module.api",
      "mode": "managed",
      "type": "aws_ecr_repository",
      "name": "app-production",
      "provider": "provider[\"registry.terraform.io/hashicorp/aws\"]",
      "instances": [
        {
          "schema_version": 0,
          "attributes": {
            "arn": "arn:aws:ecr:us-east-2:258717960431:repository/api-production",
            "encryption_configuration": [
              {
                "encryption_type": "AES256",
                "kms_key": ""
              }
            ],
            "id": "api-production",
            "image_scanning_configuration": [
              {
                "scan_on_push": false
              }
            ],
            "image_tag_mutability": "IMMUTABLE",
            "name": "api-production",
            "registry_id": "258717960431",
            "repository_url": "258717960431.dkr.ecr.us-east-2.amazonaws.com/api-production",
            "tags": {},
            "tags_all": {},
            "timeouts": null
          },
          "private": "eyJlMmJmYjczMC1lY2FhLTExZTYtOGY4OC0zNDM2M2JjN2M0YzAiOnsiZGVsZXRlIjoxMjAwMDAwMDAwMDAwfX0="
        }
      ]
    },
    {
      "module": "module.api",
      "mode": "managed",
      "type": "aws_ecr_repository",
      "name": "app-staging",
      "provider": "provider[\"registry.terraform.io/hashicorp/aws\"]",
      "instances": [
        {
          "schema_version": 0,
          "attributes": {
            "arn": "arn:aws:ecr:us-east-2:258717960431:repository/api-staging",
            "encryption_configuration": [
              {
                "encryption_type": "AES256",
                "kms_key": ""
              }
            ],
            "id": "api-staging",
            "image_scanning_configuration": [
              {
                "scan_on_push": false
              }
            ],
            "image_tag_mutability": "IMMUTABLE",
            "name": "api-staging",
            "registry_id": "258717960431",
            "repository_url": "258717960431.dkr.ecr.us-east-2.amazonaws.com/api-staging",
            "tags": {},
            "tags_all": {},
            "timeouts": null
          },
          "private": "eyJlMmJmYjczMC1lY2FhLTExZTYtOGY4OC0zNDM2M2JjN2M0YzAiOnsiZGVsZXRlIjoxMjAwMDAwMDAwMDAwfX0="
        }
      ]
    },
    {
      "module": "module.eks",
      "mode": "data",
      "type": "aws_ami",
      "name": "eks_worker",
      "provider": "provider[\"registry.terraform.io/hashicorp/aws\"]",
      "instances": [
        {
          "schema_version": 0,
          "attributes": {
            "architecture": "x86_64",
            "arn": "arn:aws:ec2:us-east-2::image/ami-01092057dc2c84467",
            "block_device_mappings": [
              {
                "device_name": "/dev/xvda",
                "ebs": {
                  "delete_on_termination": "true",
                  "encrypted": "false",
                  "iops": "0",
                  "snapshot_id": "snap-036b36887991bdb93",
                  "throughput": "0",
                  "volume_size": "20",
                  "volume_type": "gp2"
                },
                "no_device": "",
                "virtual_name": ""
              }
            ],
            "creation_date": "2021-07-22T21:27:31.000Z",
            "description": "EKS Kubernetes Worker AMI with AmazonLinux2 image, (k8s: 1.18.9, docker: 19.03.13ce-1.amzn2, containerd: 1.4.6-2.amzn2)",
            "ena_support": true,
            "executable_users": null,
            "filter": [
              {
                "name": "name",
                "values": [
                  "amazon-eks-node-1.18-v*"
                ]
              }
            ],
            "hypervisor": "xen",
            "id": "ami-01092057dc2c84467",
            "image_id": "ami-01092057dc2c84467",
            "image_location": "amazon/amazon-eks-node-1.18-v20210722",
            "image_owner_alias": "amazon",
            "image_type": "machine",
            "kernel_id": null,
            "most_recent": true,
            "name": "amazon-eks-node-1.18-v20210722",
            "name_regex": null,
            "owner_id": "602401143452",
            "owners": [
              "amazon"
            ],
            "platform": null,
            "platform_details": "Linux/UNIX",
            "product_codes": [],
            "public": true,
            "ramdisk_id": null,
            "root_device_name": "/dev/xvda",
            "root_device_type": "ebs",
            "root_snapshot_id": "snap-036b36887991bdb93",
            "sriov_net_support": "simple",
            "state": "available",
            "state_reason": {
              "code": "UNSET",
              "message": "UNSET"
            },
            "tags": {},
            "usage_operation": "RunInstances",
            "virtualization_type": "hvm"
          }
        }
      ]
    },
    {
      "module": "module.eks",
      "mode": "data",
      "type": "aws_ami",
      "name": "eks_worker_windows",
      "provider": "provider[\"registry.terraform.io/hashicorp/aws\"]",
      "instances": [
        {
          "schema_version": 0,
          "attributes": {
            "architecture": "x86_64",
            "arn": "arn:aws:ec2:us-east-2::image/ami-0aa7be6497f1488da",
            "block_device_mappings": [
              {
                "device_name": "/dev/sda1",
                "ebs": {
                  "delete_on_termination": "true",
                  "encrypted": "false",
                  "iops": "0",
                  "snapshot_id": "snap-07cfdd43fd41c0f02",
                  "throughput": "0",
                  "volume_size": "50",
                  "volume_type": "gp2"
                },
                "no_device": "",
                "virtual_name": ""
              },
              {
                "device_name": "xvdca",
                "ebs": {},
                "no_device": "",
                "virtual_name": "ephemeral0"
              },
              {
                "device_name": "xvdcb",
                "ebs": {},
                "no_device": "",
                "virtual_name": "ephemeral1"
              },
              {
                "device_name": "xvdcc",
                "ebs": {},
                "no_device": "",
                "virtual_name": "ephemeral2"
              },
              {
                "device_name": "xvdcd",
                "ebs": {},
                "no_device": "",
                "virtual_name": "ephemeral3"
              },
              {
                "device_name": "xvdce",
                "ebs": {},
                "no_device": "",
                "virtual_name": "ephemeral4"
              },
              {
                "device_name": "xvdcf",
                "ebs": {},
                "no_device": "",
                "virtual_name": "ephemeral5"
              },
              {
                "device_name": "xvdcg",
                "ebs": {},
                "no_device": "",
                "virtual_name": "ephemeral6"
              },
              {
                "device_name": "xvdch",
                "ebs": {},
                "no_device": "",
                "virtual_name": "ephemeral7"
              },
              {
                "device_name": "xvdci",
                "ebs": {},
                "no_device": "",
                "virtual_name": "ephemeral8"
              },
              {
                "device_name": "xvdcj",
                "ebs": {},
                "no_device": "",
                "virtual_name": "ephemeral9"
              },
              {
                "device_name": "xvdck",
                "ebs": {},
                "no_device": "",
                "virtual_name": "ephemeral10"
              },
              {
                "device_name": "xvdcl",
                "ebs": {},
                "no_device": "",
                "virtual_name": "ephemeral11"
              },
              {
                "device_name": "xvdcm",
                "ebs": {},
                "no_device": "",
                "virtual_name": "ephemeral12"
              },
              {
                "device_name": "xvdcn",
                "ebs": {},
                "no_device": "",
                "virtual_name": "ephemeral13"
              },
              {
                "device_name": "xvdco",
                "ebs": {},
                "no_device": "",
                "virtual_name": "ephemeral14"
              },
              {
                "device_name": "xvdcp",
                "ebs": {},
                "no_device": "",
                "virtual_name": "ephemeral15"
              },
              {
                "device_name": "xvdcq",
                "ebs": {},
                "no_device": "",
                "virtual_name": "ephemeral16"
              },
              {
                "device_name": "xvdcr",
                "ebs": {},
                "no_device": "",
                "virtual_name": "ephemeral17"
              },
              {
                "device_name": "xvdcs",
                "ebs": {},
                "no_device": "",
                "virtual_name": "ephemeral18"
              },
              {
                "device_name": "xvdct",
                "ebs": {},
                "no_device": "",
                "virtual_name": "ephemeral19"
              },
              {
                "device_name": "xvdcu",
                "ebs": {},
                "no_device": "",
                "virtual_name": "ephemeral20"
              },
              {
                "device_name": "xvdcv",
                "ebs": {},
                "no_device": "",
                "virtual_name": "ephemeral21"
              },
              {
                "device_name": "xvdcw",
                "ebs": {},
                "no_device": "",
                "virtual_name": "ephemeral22"
              },
              {
                "device_name": "xvdcx",
                "ebs": {},
                "no_device": "",
                "virtual_name": "ephemeral23"
              },
              {
                "device_name": "xvdcy",
                "ebs": {},
                "no_device": "",
                "virtual_name": "ephemeral24"
              },
              {
                "device_name": "xvdcz",
                "ebs": {},
                "no_device": "",
                "virtual_name": "ephemeral25"
              }
            ],
            "creation_date": "2021-07-15T16:31:01.000Z",
            "description": "Microsoft Windows Server 2019 Core optimized for EKS and provided by Amazon",
            "ena_support": true,
            "executable_users": null,
            "filter": [
              {
                "name": "name",
                "values": [
                  "Windows_Server-2019-English-Core-EKS_Optimized-1.18-*"
                ]
              },
              {
                "name": "platform",
                "values": [
                  "windows"
                ]
              }
            ],
            "hypervisor": "xen",
            "id": "ami-0aa7be6497f1488da",
            "image_id": "ami-0aa7be6497f1488da",
            "image_location": "amazon/Windows_Server-2019-English-Core-EKS_Optimized-1.18-2021.07.14",
            "image_owner_alias": "amazon",
            "image_type": "machine",
            "kernel_id": null,
            "most_recent": true,
            "name": "Windows_Server-2019-English-Core-EKS_Optimized-1.18-2021.07.14",
            "name_regex": null,
            "owner_id": "801119661308",
            "owners": [
              "amazon"
            ],
            "platform": "windows",
            "platform_details": "Windows",
            "product_codes": [],
            "public": true,
            "ramdisk_id": null,
            "root_device_name": "/dev/sda1",
            "root_device_type": "ebs",
            "root_snapshot_id": "snap-07cfdd43fd41c0f02",
            "sriov_net_support": "simple",
            "state": "available",
            "state_reason": {
              "code": "UNSET",
              "message": "UNSET"
            },
            "tags": {},
            "usage_operation": "RunInstances:0002",
            "virtualization_type": "hvm"
          }
        }
      ]
    },
    {
      "module": "module.eks",
      "mode": "data",
      "type": "aws_caller_identity",
      "name": "current",
      "provider": "provider[\"registry.terraform.io/hashicorp/aws\"]",
      "instances": [
        {
          "schema_version": 0,
          "attributes": {
            "account_id": "258717960431",
            "arn": "arn:aws:iam::258717960431:user/Desarrollo",
            "id": "258717960431",
            "user_id": "AIDATYPGKZDX73KDE2VXV"
          }
        }
      ]
    },
    {
      "module": "module.eks",
      "mode": "data",
      "type": "aws_iam_policy_document",
      "name": "cluster_assume_role_policy",
      "provider": "provider[\"registry.terraform.io/hashicorp/aws\"]",
      "instances": [
        {
          "schema_version": 0,
          "attributes": {
            "id": "2764486067",
            "json": "{\n  \"Version\": \"2012-10-17\",\n  \"Statement\": [\n    {\n      \"Sid\": \"EKSClusterAssumeRole\",\n      \"Effect\": \"Allow\",\n      \"Action\": \"sts:AssumeRole\",\n      \"Principal\": {\n        \"Service\": \"eks.amazonaws.com\"\n      }\n    }\n  ]\n}",
            "override_json": null,
            "override_policy_documents": null,
            "policy_id": null,
            "source_json": null,
            "source_policy_documents": null,
            "statement": [
              {
                "actions": [
                  "sts:AssumeRole"
                ],
                "condition": [],
                "effect": "Allow",
                "not_actions": [],
                "not_principals": [],
                "not_resources": [],
                "principals": [
                  {
                    "identifiers": [
                      "eks.amazonaws.com"
                    ],
                    "type": "Service"
                  }
                ],
                "resources": [],
                "sid": "EKSClusterAssumeRole"
              }
            ],
            "version": "2012-10-17"
          }
        }
      ]
    },
    {
      "module": "module.eks",
      "mode": "data",
      "type": "aws_iam_policy_document",
      "name": "cluster_elb_sl_role_creation",
      "provider": "provider[\"registry.terraform.io/hashicorp/aws\"]",
      "instances": [
        {
          "index_key": 0,
          "schema_version": 0,
          "attributes": {
            "id": "3407219844",
            "json": "{\n  \"Version\": \"2012-10-17\",\n  \"Statement\": [\n    {\n      \"Sid\": \"\",\n      \"Effect\": \"Allow\",\n      \"Action\": [\n        \"ec2:DescribeInternetGateways\",\n        \"ec2:DescribeAccountAttributes\"\n      ],\n      \"Resource\": \"*\"\n    }\n  ]\n}",
            "override_json": null,
            "override_policy_documents": null,
            "policy_id": null,
            "source_json": null,
            "source_policy_documents": null,
            "statement": [
              {
                "actions": [
                  "ec2:DescribeAccountAttributes",
                  "ec2:DescribeInternetGateways"
                ],
                "condition": [],
                "effect": "Allow",
                "not_actions": [],
                "not_principals": [],
                "not_resources": [],
                "principals": [],
                "resources": [
                  "*"
                ],
                "sid": ""
              }
            ],
            "version": "2012-10-17"
          }
        }
      ]
    },
    {
      "module": "module.eks",
      "mode": "data",
      "type": "aws_iam_policy_document",
      "name": "workers_assume_role_policy",
      "provider": "provider[\"registry.terraform.io/hashicorp/aws\"]",
      "instances": [
        {
          "schema_version": 0,
          "attributes": {
            "id": "3778018924",
            "json": "{\n  \"Version\": \"2012-10-17\",\n  \"Statement\": [\n    {\n      \"Sid\": \"EKSWorkerAssumeRole\",\n      \"Effect\": \"Allow\",\n      \"Action\": \"sts:AssumeRole\",\n      \"Principal\": {\n        \"Service\": \"ec2.amazonaws.com\"\n      }\n    }\n  ]\n}",
            "override_json": null,
            "override_policy_documents": null,
            "policy_id": null,
            "source_json": null,
            "source_policy_documents": null,
            "statement": [
              {
                "actions": [
                  "sts:AssumeRole"
                ],
                "condition": [],
                "effect": "Allow",
                "not_actions": [],
                "not_principals": [],
                "not_resources": [],
                "principals": [
                  {
                    "identifiers": [
                      "ec2.amazonaws.com"
                    ],
                    "type": "Service"
                  }
                ],
                "resources": [],
                "sid": "EKSWorkerAssumeRole"
              }
            ],
            "version": "2012-10-17"
          }
        }
      ]
    },
    {
      "module": "module.eks",
      "mode": "data",
      "type": "aws_partition",
      "name": "current",
      "provider": "provider[\"registry.terraform.io/hashicorp/aws\"]",
      "instances": [
        {
          "schema_version": 0,
          "attributes": {
            "dns_suffix": "amazonaws.com",
            "id": "aws",
            "partition": "aws",
            "reverse_dns_prefix": "com.amazonaws"
          }
        }
      ]
    },
    {
      "module": "module.eks",
      "mode": "data",
      "type": "template_file",
      "name": "userdata",
      "provider": "provider[\"registry.terraform.io/hashicorp/template\"]",
      "instances": [
        {
          "index_key": 0,
          "schema_version": 0,
          "attributes": {
            "filename": null,
            "id": "4bbee436b099f94f110025d1506b798b90b6fd224a50093e4f6f9150d6a60f26",
            "rendered": "#!/bin/bash -e\n\n# Allow user supplied pre userdata code\n\n\n# Bootstrap and join the cluster\n/etc/eks/bootstrap.sh --b64-cluster-ca 'LS0tLS1CRUdJTiBDRVJUSUZJQ0FURS0tLS0tCk1JSUN5RENDQWJDZ0F3SUJBZ0lCQURBTkJna3Foa2lHOXcwQkFRc0ZBREFWTVJNd0VRWURWUVFERXdwcmRXSmwKY201bGRHVnpNQjRYRFRJeE1EY3lPREUxTVRRd05Gb1hEVE14TURjeU5qRTFNVFF3TkZvd0ZURVRNQkVHQTFVRQpBeE1LYTNWaVpYSnVaWFJsY3pDQ0FTSXdEUVlKS29aSWh2Y05BUUVCQlFBRGdnRVBBRENDQVFvQ2dnRUJBTU1RCjIwODRCejM3MGlSWmw1bzdGOU81SjNSMGhyblNtbVZHUjRDR0k4Yk1oOEpJcm1BN0FxSWFzTEJrZ0cwMFNKQkQKbU03ZHZQR2prL29zcFJXT1lIamJ3ME5MelB3c1Z0ODBtQ2p4NWFEZU9SdkRQYjBBNmJwbDBqeDRGMXp1NTN4NQpQSklNYklEb3U1aFpGeFZSa2tZbC9keEJ4MmpLbFB0SUJ5N1MzbHpzY1VnSS9WcGE0WHlibzZaWXlKdVRLS1ArCi82UFgrNHhhQkFVY3lnalcyQ2tUeWZiS0c5RVFQS1VNenNCMW9JZEd3Y2NkV2dYaE94U1NIcm5GWmVNTlk1MngKR3J4cVJ1MlJ5WVJJK3k1OWZFS29CRTdIY240bER4U0VZM25YOEZ0QUpocG4wY2ZGRGNPS2l1L3JJaURDMVBkSwpmMzFWZk1Bc2FTS0dMWTYwLzE4Q0F3RUFBYU1qTUNFd0RnWURWUjBQQVFIL0JBUURBZ0trTUE4R0ExVWRFd0VCCi93UUZNQU1CQWY4d0RRWUpLb1pJaHZjTkFRRUxCUUFEZ2dFQkFFbFJ1SDF6TzRpRTMydlhERW9qYlFObE1NSDMKd3dJK2ZURFFNTFgzd1M0VjdRQXZDZytGemtucjlGZDRrSkhxK3NWYVJZZ1k3WGcxOXVuR2FPd01PZDY4azl4QQpJK2tZSm1mRnQxdkxrZWRucEdZbUNsK0VTKzN6YWtVTjVINTZjMHR1WGhwTGVTN09pQU9VMkw3Zm5CdHN2TXI5ClRVNXNVOGJzSE42bXFqRlJoeWs3WlJsM0h5V1B0MVM3ZnZSQlRLSkZqY0t3enpjTUdxRnlOMWpXMFRTUjhLSXcKTEdwelFkOVVEeDlLN0Nwd2pTNlFzdzF4SDZKQkRqQXNMYVRrMWViaTdsQ095VldJbHAvMUh5dXRkUVoreHJibgpXLzNxczlmeUdJR3Y1K0lXZkhQZ3Nqc01pbkdmVTF1aU1YVGoydkFOM1pYYVkzblQxMUlBR01Nakk3ND0KLS0tLS1FTkQgQ0VSVElGSUNBVEUtLS0tLQo=' --apiserver-endpoint 'https://3BFD2AACF2FA97E31082A7BD98E1F586.gr7.us-east-2.eks.amazonaws.com'  --kubelet-extra-args \"\" 'challenge-test'\n\n# Allow user supplied userdata code\nAll software under development by terraform\n",
            "template": "#!/bin/bash -e\n\n# Allow user supplied pre userdata code\n${pre_userdata}\n\n# Bootstrap and join the cluster\n/etc/eks/bootstrap.sh --b64-cluster-ca '${cluster_auth_base64}' --apiserver-endpoint '${endpoint}' ${bootstrap_extra_args} --kubelet-extra-args \"${kubelet_extra_args}\" '${cluster_name}'\n\n# Allow user supplied userdata code\n${additional_userdata}\n",
            "vars": {
              "additional_userdata": "All software under development by terraform",
              "bootstrap_extra_args": "",
              "cluster_auth_base64": "LS0tLS1CRUdJTiBDRVJUSUZJQ0FURS0tLS0tCk1JSUN5RENDQWJDZ0F3SUJBZ0lCQURBTkJna3Foa2lHOXcwQkFRc0ZBREFWTVJNd0VRWURWUVFERXdwcmRXSmwKY201bGRHVnpNQjRYRFRJeE1EY3lPREUxTVRRd05Gb1hEVE14TURjeU5qRTFNVFF3TkZvd0ZURVRNQkVHQTFVRQpBeE1LYTNWaVpYSnVaWFJsY3pDQ0FTSXdEUVlKS29aSWh2Y05BUUVCQlFBRGdnRVBBRENDQVFvQ2dnRUJBTU1RCjIwODRCejM3MGlSWmw1bzdGOU81SjNSMGhyblNtbVZHUjRDR0k4Yk1oOEpJcm1BN0FxSWFzTEJrZ0cwMFNKQkQKbU03ZHZQR2prL29zcFJXT1lIamJ3ME5MelB3c1Z0ODBtQ2p4NWFEZU9SdkRQYjBBNmJwbDBqeDRGMXp1NTN4NQpQSklNYklEb3U1aFpGeFZSa2tZbC9keEJ4MmpLbFB0SUJ5N1MzbHpzY1VnSS9WcGE0WHlibzZaWXlKdVRLS1ArCi82UFgrNHhhQkFVY3lnalcyQ2tUeWZiS0c5RVFQS1VNenNCMW9JZEd3Y2NkV2dYaE94U1NIcm5GWmVNTlk1MngKR3J4cVJ1MlJ5WVJJK3k1OWZFS29CRTdIY240bER4U0VZM25YOEZ0QUpocG4wY2ZGRGNPS2l1L3JJaURDMVBkSwpmMzFWZk1Bc2FTS0dMWTYwLzE4Q0F3RUFBYU1qTUNFd0RnWURWUjBQQVFIL0JBUURBZ0trTUE4R0ExVWRFd0VCCi93UUZNQU1CQWY4d0RRWUpLb1pJaHZjTkFRRUxCUUFEZ2dFQkFFbFJ1SDF6TzRpRTMydlhERW9qYlFObE1NSDMKd3dJK2ZURFFNTFgzd1M0VjdRQXZDZytGemtucjlGZDRrSkhxK3NWYVJZZ1k3WGcxOXVuR2FPd01PZDY4azl4QQpJK2tZSm1mRnQxdkxrZWRucEdZbUNsK0VTKzN6YWtVTjVINTZjMHR1WGhwTGVTN09pQU9VMkw3Zm5CdHN2TXI5ClRVNXNVOGJzSE42bXFqRlJoeWs3WlJsM0h5V1B0MVM3ZnZSQlRLSkZqY0t3enpjTUdxRnlOMWpXMFRTUjhLSXcKTEdwelFkOVVEeDlLN0Nwd2pTNlFzdzF4SDZKQkRqQXNMYVRrMWViaTdsQ095VldJbHAvMUh5dXRkUVoreHJibgpXLzNxczlmeUdJR3Y1K0lXZkhQZ3Nqc01pbkdmVTF1aU1YVGoydkFOM1pYYVkzblQxMUlBR01Nakk3ND0KLS0tLS1FTkQgQ0VSVElGSUNBVEUtLS0tLQo=",
              "cluster_name": "challenge-test",
              "endpoint": "https://3BFD2AACF2FA97E31082A7BD98E1F586.gr7.us-east-2.eks.amazonaws.com",
              "kubelet_extra_args": "",
              "platform": "linux",
              "pre_userdata": ""
            }
          }
        }
      ]
    },
    {
      "module": "module.eks",
      "mode": "managed",
      "type": "aws_autoscaling_group",
      "name": "workers",
      "provider": "provider[\"registry.terraform.io/hashicorp/aws\"]",
      "instances": [
        {
          "index_key": 0,
          "schema_version": 0,
          "attributes": {
            "arn": "arn:aws:autoscaling:us-east-2:258717960431:autoScalingGroup:8e11b5a8-286b-4c93-80fc-c23edd80c049:autoScalingGroupName/challenge-test-challenges20210728151935684800000010",
            "availability_zones": [
              "us-east-2a",
              "us-east-2b",
              "us-east-2c"
            ],
            "capacity_rebalance": false,
            "default_cooldown": 300,
            "desired_capacity": 1,
            "enabled_metrics": [],
            "force_delete": false,
            "force_delete_warm_pool": false,
            "health_check_grace_period": 300,
            "health_check_type": "EC2",
            "id": "challenge-test-challenges20210728151935684800000010",
            "initial_lifecycle_hook": [],
            "instance_refresh": [],
            "launch_configuration": "challenge-test-challenges2021072815192477900000000f",
            "launch_template": [],
            "load_balancers": [],
            "max_instance_lifetime": 0,
            "max_size": 3,
            "metrics_granularity": "1Minute",
            "min_elb_capacity": null,
            "min_size": 1,
            "mixed_instances_policy": [],
            "name": "challenge-test-challenges20210728151935684800000010",
            "name_prefix": "challenge-test-challenges",
            "placement_group": "",
            "protect_from_scale_in": false,
            "service_linked_role_arn": "arn:aws:iam::258717960431:role/aws-service-role/autoscaling.amazonaws.com/AWSServiceRoleForAutoScaling",
            "suspended_processes": [
              "AZRebalance"
            ],
            "tag": [
              {
                "key": "Name",
                "propagate_at_launch": true,
                "value": "challenge-test-challenges-eks_asg"
              },
              {
                "key": "k8s.io/cluster/challenge-test",
                "propagate_at_launch": true,
                "value": "owned"
              },
              {
                "key": "kubernetes.io/cluster/challenge-test",
                "propagate_at_launch": true,
                "value": "owned"
              }
            ],
            "tags": null,
            "target_group_arns": [],
            "termination_policies": [],
            "timeouts": null,
            "vpc_zone_identifier": [
              "subnet-05eea854b364427aa",
              "subnet-07c083ba6fcd910a0",
              "subnet-0a08015d394f3cfd3"
            ],
            "wait_for_capacity_timeout": "10m",
            "wait_for_elb_capacity": null,
            "warm_pool": []
          },
          "private": "eyJlMmJmYjczMC1lY2FhLTExZTYtOGY4OC0zNDM2M2JjN2M0YzAiOnsiZGVsZXRlIjo2MDAwMDAwMDAwMDB9fQ==",
          "dependencies": [
            "aws_security_group.eks_all_worker",
            "module.eks.aws_cloudwatch_log_group.this",
            "module.eks.aws_eks_cluster.this",
            "module.eks.aws_iam_instance_profile.workers",
            "module.eks.aws_iam_role.cluster",
            "module.eks.aws_iam_role.workers",
            "module.eks.aws_iam_role_policy_attachment.cluster_AmazonEKSClusterPolicy",
            "module.eks.aws_iam_role_policy_attachment.cluster_AmazonEKSServicePolicy",
            "module.eks.aws_iam_role_policy_attachment.cluster_AmazonEKSVPCResourceControllerPolicy",
            "module.eks.aws_iam_role_policy_attachment.workers_AmazonEC2ContainerRegistryReadOnly",
            "module.eks.aws_iam_role_policy_attachment.workers_AmazonEKSWorkerNodePolicy",
            "module.eks.aws_iam_role_policy_attachment.workers_AmazonEKS_CNI_Policy",
            "module.eks.aws_iam_role_policy_attachment.workers_additional_policies",
            "module.eks.aws_launch_configuration.workers",
            "module.eks.aws_security_group.cluster",
            "module.eks.aws_security_group.workers",
            "module.eks.aws_security_group_rule.cluster_egress_internet",
            "module.eks.aws_security_group_rule.cluster_https_worker_ingress",
            "module.eks.aws_security_group_rule.cluster_primary_ingress_workers",
            "module.eks.aws_security_group_rule.workers_egress_internet",
            "module.eks.aws_security_group_rule.workers_ingress_cluster",
            "module.eks.aws_security_group_rule.workers_ingress_cluster_https",
            "module.eks.aws_security_group_rule.workers_ingress_cluster_kubelet",
            "module.eks.aws_security_group_rule.workers_ingress_cluster_primary",
            "module.eks.aws_security_group_rule.workers_ingress_self",
            "module.eks.data.aws_ami.eks_worker",
            "module.eks.data.aws_ami.eks_worker_windows",
            "module.eks.data.aws_iam_instance_profile.custom_worker_group_iam_instance_profile",
            "module.eks.data.aws_iam_policy_document.cluster_assume_role_policy",
            "module.eks.data.aws_iam_policy_document.workers_assume_role_policy",
            "module.eks.data.aws_iam_role.custom_cluster_iam_role",
            "module.eks.data.aws_partition.current",
            "module.eks.data.template_file.userdata",
            "module.eks.random_pet.workers",
            "module.vpc.aws_subnet.private",
            "module.vpc.aws_vpc.this"
          ],
          "create_before_destroy": true
        }
      ]
    },
    {
      "module": "module.eks",
      "mode": "managed",
      "type": "aws_eks_cluster",
      "name": "this",
      "provider": "provider[\"registry.terraform.io/hashicorp/aws\"]",
      "instances": [
        {
          "index_key": 0,
          "schema_version": 0,
          "attributes": {
            "arn": "arn:aws:eks:us-east-2:258717960431:cluster/challenge-test",
            "certificate_authority": [
              {
                "data": "LS0tLS1CRUdJTiBDRVJUSUZJQ0FURS0tLS0tCk1JSUN5RENDQWJDZ0F3SUJBZ0lCQURBTkJna3Foa2lHOXcwQkFRc0ZBREFWTVJNd0VRWURWUVFERXdwcmRXSmwKY201bGRHVnpNQjRYRFRJeE1EY3lPREUxTVRRd05Gb1hEVE14TURjeU5qRTFNVFF3TkZvd0ZURVRNQkVHQTFVRQpBeE1LYTNWaVpYSnVaWFJsY3pDQ0FTSXdEUVlKS29aSWh2Y05BUUVCQlFBRGdnRVBBRENDQVFvQ2dnRUJBTU1RCjIwODRCejM3MGlSWmw1bzdGOU81SjNSMGhyblNtbVZHUjRDR0k4Yk1oOEpJcm1BN0FxSWFzTEJrZ0cwMFNKQkQKbU03ZHZQR2prL29zcFJXT1lIamJ3ME5MelB3c1Z0ODBtQ2p4NWFEZU9SdkRQYjBBNmJwbDBqeDRGMXp1NTN4NQpQSklNYklEb3U1aFpGeFZSa2tZbC9keEJ4MmpLbFB0SUJ5N1MzbHpzY1VnSS9WcGE0WHlibzZaWXlKdVRLS1ArCi82UFgrNHhhQkFVY3lnalcyQ2tUeWZiS0c5RVFQS1VNenNCMW9JZEd3Y2NkV2dYaE94U1NIcm5GWmVNTlk1MngKR3J4cVJ1MlJ5WVJJK3k1OWZFS29CRTdIY240bER4U0VZM25YOEZ0QUpocG4wY2ZGRGNPS2l1L3JJaURDMVBkSwpmMzFWZk1Bc2FTS0dMWTYwLzE4Q0F3RUFBYU1qTUNFd0RnWURWUjBQQVFIL0JBUURBZ0trTUE4R0ExVWRFd0VCCi93UUZNQU1CQWY4d0RRWUpLb1pJaHZjTkFRRUxCUUFEZ2dFQkFFbFJ1SDF6TzRpRTMydlhERW9qYlFObE1NSDMKd3dJK2ZURFFNTFgzd1M0VjdRQXZDZytGemtucjlGZDRrSkhxK3NWYVJZZ1k3WGcxOXVuR2FPd01PZDY4azl4QQpJK2tZSm1mRnQxdkxrZWRucEdZbUNsK0VTKzN6YWtVTjVINTZjMHR1WGhwTGVTN09pQU9VMkw3Zm5CdHN2TXI5ClRVNXNVOGJzSE42bXFqRlJoeWs3WlJsM0h5V1B0MVM3ZnZSQlRLSkZqY0t3enpjTUdxRnlOMWpXMFRTUjhLSXcKTEdwelFkOVVEeDlLN0Nwd2pTNlFzdzF4SDZKQkRqQXNMYVRrMWViaTdsQ095VldJbHAvMUh5dXRkUVoreHJibgpXLzNxczlmeUdJR3Y1K0lXZkhQZ3Nqc01pbkdmVTF1aU1YVGoydkFOM1pYYVkzblQxMUlBR01Nakk3ND0KLS0tLS1FTkQgQ0VSVElGSUNBVEUtLS0tLQo="
              }
            ],
            "created_at": "2021-07-28 15:08:12.293 +0000 UTC",
            "enabled_cluster_log_types": [],
            "encryption_config": [],
            "endpoint": "https://3BFD2AACF2FA97E31082A7BD98E1F586.gr7.us-east-2.eks.amazonaws.com",
            "id": "challenge-test",
            "identity": [
              {
                "oidc": [
                  {
                    "issuer": "https://oidc.eks.us-east-2.amazonaws.com/id/3BFD2AACF2FA97E31082A7BD98E1F586"
                  }
                ]
              }
            ],
            "kubernetes_network_config": [
              {
                "service_ipv4_cidr": "172.20.0.0/16"
              }
            ],
            "name": "challenge-test",
            "platform_version": "eks.7",
            "role_arn": "arn:aws:iam::258717960431:role/challenge-test20210728150806531000000001",
            "status": "ACTIVE",
            "tags": {},
            "tags_all": {},
            "timeouts": {
              "create": "1h",
              "delete": "15m",
              "update": null
            },
            "version": "1.18",
            "vpc_config": [
              {
                "cluster_security_group_id": "sg-031b889ee87b84698",
                "endpoint_private_access": true,
                "endpoint_public_access": true,
                "public_access_cidrs": [
                  "0.0.0.0/0"
                ],
                "security_group_ids": [
                  "sg-063227a2c94d5d0e9"
                ],
                "subnet_ids": [
                  "subnet-05eea854b364427aa",
                  "subnet-07c083ba6fcd910a0",
                  "subnet-0a08015d394f3cfd3"
                ],
                "vpc_id": "vpc-0d6755302de97bdad"
              }
            ]
          },
          "private": "eyJlMmJmYjczMC1lY2FhLTExZTYtOGY4OC0zNDM2M2JjN2M0YzAiOnsiY3JlYXRlIjozNjAwMDAwMDAwMDAwLCJkZWxldGUiOjkwMDAwMDAwMDAwMCwidXBkYXRlIjozNjAwMDAwMDAwMDAwfX0=",
          "dependencies": [
            "module.eks.aws_cloudwatch_log_group.this",
            "module.eks.aws_iam_role.cluster",
            "module.eks.aws_iam_role_policy_attachment.cluster_AmazonEKSClusterPolicy",
            "module.eks.aws_iam_role_policy_attachment.cluster_AmazonEKSServicePolicy",
            "module.eks.aws_iam_role_policy_attachment.cluster_AmazonEKSVPCResourceControllerPolicy",
            "module.eks.aws_security_group.cluster",
            "module.eks.aws_security_group.workers",
            "module.eks.aws_security_group_rule.cluster_egress_internet",
            "module.eks.aws_security_group_rule.cluster_https_worker_ingress",
            "module.eks.data.aws_iam_policy_document.cluster_assume_role_policy",
            "module.eks.data.aws_iam_role.custom_cluster_iam_role",
            "module.eks.data.aws_partition.current",
            "module.vpc.aws_subnet.private",
            "module.vpc.aws_vpc.this"
          ]
        }
      ]
    },
    {
      "module": "module.eks",
      "mode": "managed",
      "type": "aws_iam_instance_profile",
      "name": "workers",
      "provider": "provider[\"registry.terraform.io/hashicorp/aws\"]",
      "instances": [
        {
          "index_key": 0,
          "schema_version": 0,
          "attributes": {
            "arn": "arn:aws:iam::258717960431:instance-profile/challenge-test2021072815192376230000000b",
            "create_date": "2021-07-28T15:19:24Z",
            "id": "challenge-test2021072815192376230000000b",
            "name": "challenge-test2021072815192376230000000b",
            "name_prefix": "challenge-test",
            "path": "/",
            "role": "challenge-test2021072815192245560000000a",
            "tags": {},
            "tags_all": {},
            "unique_id": "AIPATYPGKZDXU7TLNZCZR"
          },
          "private": "bnVsbA==",
          "dependencies": [
            "aws_security_group.eks_all_worker",
            "module.eks.aws_cloudwatch_log_group.this",
            "module.eks.aws_eks_cluster.this",
            "module.eks.aws_iam_role.cluster",
            "module.eks.aws_iam_role.workers",
            "module.eks.aws_iam_role_policy_attachment.cluster_AmazonEKSClusterPolicy",
            "module.eks.aws_iam_role_policy_attachment.cluster_AmazonEKSServicePolicy",
            "module.eks.aws_iam_role_policy_attachment.cluster_AmazonEKSVPCResourceControllerPolicy",
            "module.eks.aws_security_group.cluster",
            "module.eks.aws_security_group.workers",
            "module.eks.aws_security_group_rule.cluster_egress_internet",
            "module.eks.aws_security_group_rule.cluster_https_worker_ingress",
            "module.eks.data.aws_iam_policy_document.cluster_assume_role_policy",
            "module.eks.data.aws_iam_policy_document.workers_assume_role_policy",
            "module.eks.data.aws_iam_role.custom_cluster_iam_role",
            "module.eks.data.aws_partition.current",
            "module.vpc.aws_subnet.private",
            "module.vpc.aws_vpc.this"
          ],
          "create_before_destroy": true
        }
      ]
    },
    {
      "module": "module.eks",
      "mode": "managed",
      "type": "aws_iam_policy",
      "name": "cluster_elb_sl_role_creation",
      "provider": "provider[\"registry.terraform.io/hashicorp/aws\"]",
      "instances": [
        {
          "index_key": 0,
          "schema_version": 0,
          "attributes": {
            "arn": "arn:aws:iam::258717960431:policy/challenge-test-elb-sl-role-creation20210728150806534400000002",
            "description": "Permissions for EKS to create AWSServiceRoleForElasticLoadBalancing service-linked role",
            "id": "arn:aws:iam::258717960431:policy/challenge-test-elb-sl-role-creation20210728150806534400000002",
            "name": "challenge-test-elb-sl-role-creation20210728150806534400000002",
            "name_prefix": "challenge-test-elb-sl-role-creation",
            "path": "/",
            "policy": "{\n  \"Version\": \"2012-10-17\",\n  \"Statement\": [\n    {\n      \"Sid\": \"\",\n      \"Effect\": \"Allow\",\n      \"Action\": [\n        \"ec2:DescribeInternetGateways\",\n        \"ec2:DescribeAccountAttributes\"\n      ],\n      \"Resource\": \"*\"\n    }\n  ]\n}",
            "policy_id": "ANPATYPGKZDXR6O4D4QJ6",
            "tags": {},
            "tags_all": {}
          },
          "private": "bnVsbA==",
          "dependencies": [
            "module.eks.data.aws_iam_policy_document.cluster_elb_sl_role_creation"
          ]
        }
      ]
    },
    {
      "module": "module.eks",
      "mode": "managed",
      "type": "aws_iam_role",
      "name": "cluster",
      "provider": "provider[\"registry.terraform.io/hashicorp/aws\"]",
      "instances": [
        {
          "index_key": 0,
          "schema_version": 0,
          "attributes": {
            "arn": "arn:aws:iam::258717960431:role/challenge-test20210728150806531000000001",
            "assume_role_policy": "{\"Version\":\"2012-10-17\",\"Statement\":[{\"Sid\":\"EKSClusterAssumeRole\",\"Effect\":\"Allow\",\"Principal\":{\"Service\":\"eks.amazonaws.com\"},\"Action\":\"sts:AssumeRole\"}]}",
            "create_date": "2021-07-28T15:08:06Z",
            "description": "",
            "force_detach_policies": true,
            "id": "challenge-test20210728150806531000000001",
            "inline_policy": [
              {
                "name": "",
                "policy": ""
              }
            ],
            "managed_policy_arns": [
              "arn:aws:iam::258717960431:policy/challenge-test-elb-sl-role-creation20210728150806534400000002",
              "arn:aws:iam::aws:policy/AmazonEKSClusterPolicy",
              "arn:aws:iam::aws:policy/AmazonEKSServicePolicy",
              "arn:aws:iam::aws:policy/AmazonEKSVPCResourceController"
            ],
            "max_session_duration": 3600,
            "name": "challenge-test20210728150806531000000001",
            "name_prefix": "challenge-test",
            "path": "/",
            "permissions_boundary": null,
            "tags": {},
            "tags_all": {},
            "unique_id": "AROATYPGKZDXWPEO6742P"
          },
          "private": "bnVsbA==",
          "dependencies": [
            "module.eks.data.aws_iam_policy_document.cluster_assume_role_policy"
          ]
        }
      ]
    },
    {
      "module": "module.eks",
      "mode": "managed",
      "type": "aws_iam_role",
      "name": "workers",
      "provider": "provider[\"registry.terraform.io/hashicorp/aws\"]",
      "instances": [
        {
          "index_key": 0,
          "schema_version": 0,
          "attributes": {
            "arn": "arn:aws:iam::258717960431:role/challenge-test2021072815192245560000000a",
            "assume_role_policy": "{\"Version\":\"2012-10-17\",\"Statement\":[{\"Sid\":\"EKSWorkerAssumeRole\",\"Effect\":\"Allow\",\"Principal\":{\"Service\":\"ec2.amazonaws.com\"},\"Action\":\"sts:AssumeRole\"}]}",
            "create_date": "2021-07-28T15:19:22Z",
            "description": "",
            "force_detach_policies": true,
            "id": "challenge-test2021072815192245560000000a",
            "inline_policy": [
              {
                "name": "",
                "policy": ""
              }
            ],
            "managed_policy_arns": [
              "arn:aws:iam::aws:policy/AmazonEC2ContainerRegistryReadOnly",
              "arn:aws:iam::aws:policy/AmazonEKSWorkerNodePolicy",
              "arn:aws:iam::aws:policy/AmazonEKS_CNI_Policy"
            ],
            "max_session_duration": 3600,
            "name": "challenge-test2021072815192245560000000a",
            "name_prefix": "challenge-test",
            "path": "/",
            "permissions_boundary": null,
            "tags": {},
            "tags_all": {},
            "unique_id": "AROATYPGKZDX4WLFJ6W6P"
          },
          "private": "bnVsbA==",
          "dependencies": [
            "module.eks.aws_cloudwatch_log_group.this",
            "module.eks.aws_eks_cluster.this",
            "module.eks.aws_iam_role.cluster",
            "module.eks.aws_iam_role_policy_attachment.cluster_AmazonEKSClusterPolicy",
            "module.eks.aws_iam_role_policy_attachment.cluster_AmazonEKSServicePolicy",
            "module.eks.aws_iam_role_policy_attachment.cluster_AmazonEKSVPCResourceControllerPolicy",
            "module.eks.aws_security_group.cluster",
            "module.eks.aws_security_group.workers",
            "module.eks.aws_security_group_rule.cluster_egress_internet",
            "module.eks.aws_security_group_rule.cluster_https_worker_ingress",
            "module.eks.data.aws_iam_policy_document.cluster_assume_role_policy",
            "module.eks.data.aws_iam_policy_document.workers_assume_role_policy",
            "module.eks.data.aws_iam_role.custom_cluster_iam_role",
            "module.eks.data.aws_partition.current",
            "module.vpc.aws_subnet.private",
            "module.vpc.aws_vpc.this"
          ]
        }
      ]
    },
    {
      "module": "module.eks",
      "mode": "managed",
      "type": "aws_iam_role_policy_attachment",
      "name": "cluster_AmazonEKSClusterPolicy",
      "provider": "provider[\"registry.terraform.io/hashicorp/aws\"]",
      "instances": [
        {
          "index_key": 0,
          "schema_version": 0,
          "attributes": {
            "id": "challenge-test20210728150806531000000001-20210728150808230000000008",
            "policy_arn": "arn:aws:iam::aws:policy/AmazonEKSClusterPolicy",
            "role": "challenge-test20210728150806531000000001"
          },
          "private": "bnVsbA==",
          "dependencies": [
            "module.eks.aws_iam_role.cluster",
            "module.eks.data.aws_iam_policy_document.cluster_assume_role_policy",
            "module.eks.data.aws_partition.current"
          ]
        }
      ]
    },
    {
      "module": "module.eks",
      "mode": "managed",
      "type": "aws_iam_role_policy_attachment",
      "name": "cluster_AmazonEKSServicePolicy",
      "provider": "provider[\"registry.terraform.io/hashicorp/aws\"]",
      "instances": [
        {
          "index_key": 0,
          "schema_version": 0,
          "attributes": {
            "id": "challenge-test20210728150806531000000001-20210728150808238100000009",
            "policy_arn": "arn:aws:iam::aws:policy/AmazonEKSServicePolicy",
            "role": "challenge-test20210728150806531000000001"
          },
          "private": "bnVsbA==",
          "dependencies": [
            "module.eks.aws_iam_role.cluster",
            "module.eks.data.aws_iam_policy_document.cluster_assume_role_policy",
            "module.eks.data.aws_partition.current"
          ]
        }
      ]
    },
    {
      "module": "module.eks",
      "mode": "managed",
      "type": "aws_iam_role_policy_attachment",
      "name": "cluster_AmazonEKSVPCResourceControllerPolicy",
      "provider": "provider[\"registry.terraform.io/hashicorp/aws\"]",
      "instances": [
        {
          "index_key": 0,
          "schema_version": 0,
          "attributes": {
            "id": "challenge-test20210728150806531000000001-20210728150808225800000006",
            "policy_arn": "arn:aws:iam::aws:policy/AmazonEKSVPCResourceController",
            "role": "challenge-test20210728150806531000000001"
          },
          "private": "bnVsbA==",
          "dependencies": [
            "module.eks.aws_iam_role.cluster",
            "module.eks.data.aws_iam_policy_document.cluster_assume_role_policy",
            "module.eks.data.aws_partition.current"
          ]
        }
      ]
    },
    {
      "module": "module.eks",
      "mode": "managed",
      "type": "aws_iam_role_policy_attachment",
      "name": "cluster_elb_sl_role_creation",
      "provider": "provider[\"registry.terraform.io/hashicorp/aws\"]",
      "instances": [
        {
          "index_key": 0,
          "schema_version": 0,
          "attributes": {
            "id": "challenge-test20210728150806531000000001-20210728150808226400000007",
            "policy_arn": "arn:aws:iam::258717960431:policy/challenge-test-elb-sl-role-creation20210728150806534400000002",
            "role": "challenge-test20210728150806531000000001"
          },
          "private": "bnVsbA==",
          "dependencies": [
            "module.eks.aws_iam_policy.cluster_elb_sl_role_creation",
            "module.eks.aws_iam_role.cluster",
            "module.eks.data.aws_iam_policy_document.cluster_assume_role_policy",
            "module.eks.data.aws_iam_policy_document.cluster_elb_sl_role_creation"
          ]
        }
      ]
    },
    {
      "module": "module.eks",
      "mode": "managed",
      "type": "aws_iam_role_policy_attachment",
      "name": "workers_AmazonEC2ContainerRegistryReadOnly",
      "provider": "provider[\"registry.terraform.io/hashicorp/aws\"]",
      "instances": [
        {
          "index_key": 0,
          "schema_version": 0,
          "attributes": {
            "id": "challenge-test2021072815192245560000000a-2021072815192408390000000e",
            "policy_arn": "arn:aws:iam::aws:policy/AmazonEC2ContainerRegistryReadOnly",
            "role": "challenge-test2021072815192245560000000a"
          },
          "private": "bnVsbA==",
          "dependencies": [
            "module.eks.aws_cloudwatch_log_group.this",
            "module.eks.aws_eks_cluster.this",
            "module.eks.aws_iam_role.cluster",
            "module.eks.aws_iam_role.workers",
            "module.eks.aws_iam_role_policy_attachment.cluster_AmazonEKSClusterPolicy",
            "module.eks.aws_iam_role_policy_attachment.cluster_AmazonEKSServicePolicy",
            "module.eks.aws_iam_role_policy_attachment.cluster_AmazonEKSVPCResourceControllerPolicy",
            "module.eks.aws_security_group.cluster",
            "module.eks.aws_security_group.workers",
            "module.eks.aws_security_group_rule.cluster_egress_internet",
            "module.eks.aws_security_group_rule.cluster_https_worker_ingress",
            "module.eks.data.aws_iam_policy_document.cluster_assume_role_policy",
            "module.eks.data.aws_iam_policy_document.workers_assume_role_policy",
            "module.eks.data.aws_iam_role.custom_cluster_iam_role",
            "module.eks.data.aws_partition.current",
            "module.vpc.aws_subnet.private",
            "module.vpc.aws_vpc.this"
          ]
        }
      ]
    },
    {
      "module": "module.eks",
      "mode": "managed",
      "type": "aws_iam_role_policy_attachment",
      "name": "workers_AmazonEKSWorkerNodePolicy",
      "provider": "provider[\"registry.terraform.io/hashicorp/aws\"]",
      "instances": [
        {
          "index_key": 0,
          "schema_version": 0,
          "attributes": {
            "id": "challenge-test2021072815192245560000000a-2021072815192408060000000d",
            "policy_arn": "arn:aws:iam::aws:policy/AmazonEKSWorkerNodePolicy",
            "role": "challenge-test2021072815192245560000000a"
          },
          "private": "bnVsbA==",
          "dependencies": [
            "module.eks.aws_cloudwatch_log_group.this",
            "module.eks.aws_eks_cluster.this",
            "module.eks.aws_iam_role.cluster",
            "module.eks.aws_iam_role.workers",
            "module.eks.aws_iam_role_policy_attachment.cluster_AmazonEKSClusterPolicy",
            "module.eks.aws_iam_role_policy_attachment.cluster_AmazonEKSServicePolicy",
            "module.eks.aws_iam_role_policy_attachment.cluster_AmazonEKSVPCResourceControllerPolicy",
            "module.eks.aws_security_group.cluster",
            "module.eks.aws_security_group.workers",
            "module.eks.aws_security_group_rule.cluster_egress_internet",
            "module.eks.aws_security_group_rule.cluster_https_worker_ingress",
            "module.eks.data.aws_iam_policy_document.cluster_assume_role_policy",
            "module.eks.data.aws_iam_policy_document.workers_assume_role_policy",
            "module.eks.data.aws_iam_role.custom_cluster_iam_role",
            "module.eks.data.aws_partition.current",
            "module.vpc.aws_subnet.private",
            "module.vpc.aws_vpc.this"
          ]
        }
      ]
    },
    {
      "module": "module.eks",
      "mode": "managed",
      "type": "aws_iam_role_policy_attachment",
      "name": "workers_AmazonEKS_CNI_Policy",
      "provider": "provider[\"registry.terraform.io/hashicorp/aws\"]",
      "instances": [
        {
          "index_key": 0,
          "schema_version": 0,
          "attributes": {
            "id": "challenge-test2021072815192245560000000a-2021072815192408050000000c",
            "policy_arn": "arn:aws:iam::aws:policy/AmazonEKS_CNI_Policy",
            "role": "challenge-test2021072815192245560000000a"
          },
          "private": "bnVsbA==",
          "dependencies": [
            "module.eks.aws_cloudwatch_log_group.this",
            "module.eks.aws_eks_cluster.this",
            "module.eks.aws_iam_role.cluster",
            "module.eks.aws_iam_role.workers",
            "module.eks.aws_iam_role_policy_attachment.cluster_AmazonEKSClusterPolicy",
            "module.eks.aws_iam_role_policy_attachment.cluster_AmazonEKSServicePolicy",
            "module.eks.aws_iam_role_policy_attachment.cluster_AmazonEKSVPCResourceControllerPolicy",
            "module.eks.aws_security_group.cluster",
            "module.eks.aws_security_group.workers",
            "module.eks.aws_security_group_rule.cluster_egress_internet",
            "module.eks.aws_security_group_rule.cluster_https_worker_ingress",
            "module.eks.data.aws_iam_policy_document.cluster_assume_role_policy",
            "module.eks.data.aws_iam_policy_document.workers_assume_role_policy",
            "module.eks.data.aws_iam_role.custom_cluster_iam_role",
            "module.eks.data.aws_partition.current",
            "module.vpc.aws_subnet.private",
            "module.vpc.aws_vpc.this"
          ]
        }
      ]
    },
    {
      "module": "module.eks",
      "mode": "managed",
      "type": "aws_launch_configuration",
      "name": "workers",
      "provider": "provider[\"registry.terraform.io/hashicorp/aws\"]",
      "instances": [
        {
          "index_key": 0,
          "schema_version": 0,
          "attributes": {
            "arn": "arn:aws:autoscaling:us-east-2:258717960431:launchConfiguration:7dbb4dbe-ca2f-4db5-9de5-fb5f21d62eb5:launchConfigurationName/challenge-test-challenges2021072815192477900000000f",
            "associate_public_ip_address": false,
            "ebs_block_device": [],
            "ebs_optimized": false,
            "enable_monitoring": true,
            "ephemeral_block_device": [],
            "iam_instance_profile": "challenge-test2021072815192376230000000b",
            "id": "challenge-test-challenges2021072815192477900000000f",
            "image_id": "ami-01092057dc2c84467",
            "instance_type": "t2.micro",
            "key_name": "",
            "metadata_options": [],
            "name": "challenge-test-challenges2021072815192477900000000f",
            "name_prefix": "challenge-test-challenges",
            "placement_tenancy": "",
            "root_block_device": [
              {
                "delete_on_termination": true,
                "encrypted": false,
                "iops": 0,
                "throughput": 0,
                "volume_size": 100,
                "volume_type": "gp3"
              }
            ],
            "security_groups": [
              "sg-076ca4854f856986c",
              "sg-08d3d22b811143b17"
            ],
            "spot_price": "",
            "user_data": null,
            "user_data_base64": "IyEvYmluL2Jhc2ggLWUKCiMgQWxsb3cgdXNlciBzdXBwbGllZCBwcmUgdXNlcmRhdGEgY29kZQoKCiMgQm9vdHN0cmFwIGFuZCBqb2luIHRoZSBjbHVzdGVyCi9ldGMvZWtzL2Jvb3RzdHJhcC5zaCAtLWI2NC1jbHVzdGVyLWNhICdMUzB0TFMxQ1JVZEpUaUJEUlZKVVNVWkpRMEZVUlMwdExTMHRDazFKU1VONVJFTkRRV0pEWjBGM1NVSkJaMGxDUVVSQlRrSm5hM0ZvYTJsSE9YY3dRa0ZSYzBaQlJFRldUVkpOZDBWUldVUldVVkZFUlhkd2NtUlhTbXdLWTIwMWJHUkhWbnBOUWpSWVJGUkplRTFFWTNsUFJFVXhUVlJSZDA1R2IxaEVWRTE0VFVSamVVNXFSVEZOVkZGM1RrWnZkMFpVUlZSTlFrVkhRVEZWUlFwQmVFMUxZVE5XYVZwWVNuVmFXRkpzWTNwRFEwRlRTWGRFVVZsS1MyOWFTV2gyWTA1QlVVVkNRbEZCUkdkblJWQkJSRU5EUVZGdlEyZG5SVUpCVFUxUkNqSXdPRFJDZWpNM01HbFNXbXcxYnpkR09VODFTak5TTUdoeWJsTnRiVlpIVWpSRFIwazRZazFvT0VwSmNtMUJOMEZ4U1dGelRFSnJaMGN3TUZOS1FrUUtiVTAzWkhaUVIycHJMMjl6Y0ZKWFQxbElhbUozTUU1TWVsQjNjMVowT0RCdFEycDROV0ZFWlU5U2RrUlFZakJCTm1Kd2JEQnFlRFJHTVhwMU5UTjROUXBRU2tsTllrbEViM1UxYUZwR2VGWlNhMnRaYkM5a2VFSjRNbXBMYkZCMFNVSjVOMU16YkhwelkxVm5TUzlXY0dFMFdIbGlielphV1hsS2RWUkxTMUFyQ2k4MlVGZ3JOSGhoUWtGVlkzbG5hbGN5UTJ0VWVXWmlTMGM1UlZGUVMxVk5lbk5DTVc5SlpFZDNZMk5rVjJkWWFFOTRVMU5JY201R1dtVk5UbGsxTW5nS1IzSjRjVkoxTWxKNVdWSkpLM2sxT1daRlMyOUNSVGRJWTI0MGJFUjRVMFZaTTI1WU9FWjBRVXBvY0c0d1kyWkdSR05QUzJsMUwzSkphVVJETVZCa1N3cG1NekZXWmsxQmMyRlRTMGRNV1RZd0x6RTRRMEYzUlVGQllVMXFUVU5GZDBSbldVUldVakJRUVZGSUwwSkJVVVJCWjB0clRVRTRSMEV4VldSRmQwVkNDaTkzVVVaTlFVMUNRV1k0ZDBSUldVcExiMXBKYUhaalRrRlJSVXhDVVVGRVoyZEZRa0ZGYkZKMVNERjZUelJwUlRNeWRsaEVSVzlxWWxGT2JFMU5TRE1LZDNkSksyWlVSRkZOVEZnemQxTTBWamRSUVhaRFp5dEdlbXR1Y2psR1pEUnJTa2h4SzNOV1lWSlpaMWszV0djeE9YVnVSMkZQZDAxUFpEWTRhemw0UVFwSksydFpTbTFtUm5ReGRreHJaV1J1Y0VkWmJVTnNLMFZUS3pONllXdFZUalZJTlRaak1IUjFXR2h3VEdWVE4wOXBRVTlWTWt3M1ptNUNkSE4yVFhJNUNsUlZOWE5WT0dKelNFNDJiWEZxUmxKb2VXczNXbEpzTTBoNVYxQjBNVk0zWm5aU1FsUkxTa1pxWTB0M2VucGpUVWR4Um5sT01XcFhNRlJUVWpoTFNYY0tURWR3ZWxGa09WVkVlRGxMTjBOd2QycFRObEZ6ZHpGNFNEWktRa1JxUVhOTVlWUnJNV1ZpYVRkc1EwOTVWbGRKYkhBdk1VaDVkWFJrVVZvcmVISmliZ3BYTHpOeGN6bG1lVWRKUjNZMUswbFhaa2hRWjNOcWMwMXBia2RtVlRGMWFVMVlWR295ZGtGT00xcFlZVmt6YmxReE1VbEJSMDFOYWtrM05EMEtMUzB0TFMxRlRrUWdRMFZTVkVsR1NVTkJWRVV0TFMwdExRbz0nIC0tYXBpc2VydmVyLWVuZHBvaW50ICdodHRwczovLzNCRkQyQUFDRjJGQTk3RTMxMDgyQTdCRDk4RTFGNTg2LmdyNy51cy1lYXN0LTIuZWtzLmFtYXpvbmF3cy5jb20nICAtLWt1YmVsZXQtZXh0cmEtYXJncyAiIiAnY2hhbGxlbmdlLXRlc3QnCgojIEFsbG93IHVzZXIgc3VwcGxpZWQgdXNlcmRhdGEgY29kZQpBbGwgc29mdHdhcmUgdW5kZXIgZGV2ZWxvcG1lbnQgYnkgdGVycmFmb3JtCg==",
            "vpc_classic_link_id": "",
            "vpc_classic_link_security_groups": []
          },
          "private": "bnVsbA==",
          "dependencies": [
            "aws_security_group.eks_all_worker",
            "module.eks.aws_cloudwatch_log_group.this",
            "module.eks.aws_eks_cluster.this",
            "module.eks.aws_iam_instance_profile.workers",
            "module.eks.aws_iam_role.cluster",
            "module.eks.aws_iam_role.workers",
            "module.eks.aws_iam_role_policy_attachment.cluster_AmazonEKSClusterPolicy",
            "module.eks.aws_iam_role_policy_attachment.cluster_AmazonEKSServicePolicy",
            "module.eks.aws_iam_role_policy_attachment.cluster_AmazonEKSVPCResourceControllerPolicy",
            "module.eks.aws_iam_role_policy_attachment.workers_AmazonEC2ContainerRegistryReadOnly",
            "module.eks.aws_iam_role_policy_attachment.workers_AmazonEKSWorkerNodePolicy",
            "module.eks.aws_iam_role_policy_attachment.workers_AmazonEKS_CNI_Policy",
            "module.eks.aws_iam_role_policy_attachment.workers_additional_policies",
            "module.eks.aws_security_group.cluster",
            "module.eks.aws_security_group.workers",
            "module.eks.aws_security_group_rule.cluster_egress_internet",
            "module.eks.aws_security_group_rule.cluster_https_worker_ingress",
            "module.eks.aws_security_group_rule.cluster_primary_ingress_workers",
            "module.eks.aws_security_group_rule.workers_egress_internet",
            "module.eks.aws_security_group_rule.workers_ingress_cluster",
            "module.eks.aws_security_group_rule.workers_ingress_cluster_https",
            "module.eks.aws_security_group_rule.workers_ingress_cluster_kubelet",
            "module.eks.aws_security_group_rule.workers_ingress_cluster_primary",
            "module.eks.aws_security_group_rule.workers_ingress_self",
            "module.eks.data.aws_ami.eks_worker",
            "module.eks.data.aws_ami.eks_worker_windows",
            "module.eks.data.aws_iam_instance_profile.custom_worker_group_iam_instance_profile",
            "module.eks.data.aws_iam_policy_document.cluster_assume_role_policy",
            "module.eks.data.aws_iam_policy_document.workers_assume_role_policy",
            "module.eks.data.aws_iam_role.custom_cluster_iam_role",
            "module.eks.data.aws_partition.current",
            "module.eks.data.template_file.userdata",
            "module.vpc.aws_subnet.private",
            "module.vpc.aws_vpc.this"
          ],
          "create_before_destroy": true
        }
      ]
    },
    {
      "module": "module.eks",
      "mode": "managed",
      "type": "aws_security_group",
      "name": "cluster",
      "provider": "provider[\"registry.terraform.io/hashicorp/aws\"]",
      "instances": [
        {
          "index_key": 0,
          "schema_version": 1,
          "attributes": {
            "arn": "arn:aws:ec2:us-east-2:258717960431:security-group/sg-063227a2c94d5d0e9",
            "description": "EKS cluster security group.",
            "egress": [
              {
                "cidr_blocks": [
                  "0.0.0.0/0"
                ],
                "description": "Allow cluster egress access to the Internet.",
                "from_port": 0,
                "ipv6_cidr_blocks": [],
                "prefix_list_ids": [],
                "protocol": "-1",
                "security_groups": [],
                "self": false,
                "to_port": 0
              }
            ],
            "id": "sg-063227a2c94d5d0e9",
            "ingress": [
              {
                "cidr_blocks": [],
                "description": "Allow pods to communicate with the EKS cluster API.",
                "from_port": 443,
                "ipv6_cidr_blocks": [],
                "prefix_list_ids": [],
                "protocol": "tcp",
                "security_groups": [
                  "sg-08d3d22b811143b17"
                ],
                "self": false,
                "to_port": 443
              }
            ],
            "name": "challenge-test20210728150806535500000004",
            "name_prefix": "challenge-test",
            "owner_id": "258717960431",
            "revoke_rules_on_delete": false,
            "tags": {
              "Name": "challenge-test-eks_cluster_sg"
            },
            "tags_all": {
              "Name": "challenge-test-eks_cluster_sg"
            },
            "timeouts": null,
            "vpc_id": "vpc-0d6755302de97bdad"
          },
          "private": "eyJlMmJmYjczMC1lY2FhLTExZTYtOGY4OC0zNDM2M2JjN2M0YzAiOnsiY3JlYXRlIjo2MDAwMDAwMDAwMDAsImRlbGV0ZSI6OTAwMDAwMDAwMDAwfSwic2NoZW1hX3ZlcnNpb24iOiIxIn0=",
          "dependencies": [
            "module.vpc.aws_vpc.this"
          ]
        }
      ]
    },
    {
      "module": "module.eks",
      "mode": "managed",
      "type": "aws_security_group",
      "name": "workers",
      "provider": "provider[\"registry.terraform.io/hashicorp/aws\"]",
      "instances": [
        {
          "index_key": 0,
          "schema_version": 1,
          "attributes": {
            "arn": "arn:aws:ec2:us-east-2:258717960431:security-group/sg-08d3d22b811143b17",
            "description": "Security group for all nodes in the cluster.",
            "egress": [
              {
                "cidr_blocks": [
                  "0.0.0.0/0"
                ],
                "description": "Allow nodes all egress to the Internet.",
                "from_port": 0,
                "ipv6_cidr_blocks": [],
                "prefix_list_ids": [],
                "protocol": "-1",
                "security_groups": [],
                "self": false,
                "to_port": 0
              }
            ],
            "id": "sg-08d3d22b811143b17",
            "ingress": [
              {
                "cidr_blocks": [
                  "0.0.0.0/0"
                ],
                "description": "kubernetes.io/rule/nlb/client=a6e5aa93d1a89477ba38059b79f2fd30",
                "from_port": 30934,
                "ipv6_cidr_blocks": [],
                "prefix_list_ids": [],
                "protocol": "tcp",
                "security_groups": [],
                "self": false,
                "to_port": 30934
              },
              {
                "cidr_blocks": [
                  "0.0.0.0/0"
                ],
                "description": "kubernetes.io/rule/nlb/client=a6e5aa93d1a89477ba38059b79f2fd30",
                "from_port": 31378,
                "ipv6_cidr_blocks": [],
                "prefix_list_ids": [],
                "protocol": "tcp",
                "security_groups": [],
                "self": false,
                "to_port": 31378
              },
              {
                "cidr_blocks": [
                  "0.0.0.0/0"
                ],
                "description": "kubernetes.io/rule/nlb/mtu",
                "from_port": 3,
                "ipv6_cidr_blocks": [],
                "prefix_list_ids": [],
                "protocol": "icmp",
                "security_groups": [],
                "self": false,
                "to_port": 4
              },
              {
                "cidr_blocks": [
                  "10.10.4.0/24",
                  "10.10.6.0/24",
                  "10.10.5.0/24"
                ],
                "description": "kubernetes.io/rule/nlb/health=a6e5aa93d1a89477ba38059b79f2fd30",
                "from_port": 30430,
                "ipv6_cidr_blocks": [],
                "prefix_list_ids": [],
                "protocol": "tcp",
                "security_groups": [],
                "self": false,
                "to_port": 30430
              },
              {
                "cidr_blocks": [],
                "description": "Allow node to communicate with each other.",
                "from_port": 0,
                "ipv6_cidr_blocks": [],
                "prefix_list_ids": [],
                "protocol": "-1",
                "security_groups": [],
                "self": true,
                "to_port": 0
              },
              {
                "cidr_blocks": [],
                "description": "Allow pods running extension API servers on port 443 to receive communication from cluster control plane.",
                "from_port": 443,
                "ipv6_cidr_blocks": [],
                "prefix_list_ids": [],
                "protocol": "tcp",
                "security_groups": [
                  "sg-063227a2c94d5d0e9"
                ],
                "self": false,
                "to_port": 443
              },
              {
                "cidr_blocks": [],
                "description": "Allow workers pods to receive communication from the cluster control plane.",
                "from_port": 1025,
                "ipv6_cidr_blocks": [],
                "prefix_list_ids": [],
                "protocol": "tcp",
                "security_groups": [
                  "sg-063227a2c94d5d0e9"
                ],
                "self": false,
                "to_port": 65535
              }
            ],
            "name": "challenge-test20210728150806535200000003",
            "name_prefix": "challenge-test",
            "owner_id": "258717960431",
            "revoke_rules_on_delete": false,
            "tags": {
              "Name": "challenge-test-eks_worker_sg",
              "kubernetes.io/cluster/challenge-test": "owned"
            },
            "tags_all": {
              "Name": "challenge-test-eks_worker_sg",
              "kubernetes.io/cluster/challenge-test": "owned"
            },
            "timeouts": null,
            "vpc_id": "vpc-0d6755302de97bdad"
          },
          "private": "eyJlMmJmYjczMC1lY2FhLTExZTYtOGY4OC0zNDM2M2JjN2M0YzAiOnsiY3JlYXRlIjo2MDAwMDAwMDAwMDAsImRlbGV0ZSI6OTAwMDAwMDAwMDAwfSwic2NoZW1hX3ZlcnNpb24iOiIxIn0=",
          "dependencies": [
            "module.vpc.aws_vpc.this"
          ]
        }
      ]
    },
    {
      "module": "module.eks",
      "mode": "managed",
      "type": "aws_security_group_rule",
      "name": "cluster_egress_internet",
      "provider": "provider[\"registry.terraform.io/hashicorp/aws\"]",
      "instances": [
        {
          "index_key": 0,
          "schema_version": 2,
          "attributes": {
            "cidr_blocks": [
              "0.0.0.0/0"
            ],
            "description": "Allow cluster egress access to the Internet.",
            "from_port": 0,
            "id": "sgrule-734844259",
            "ipv6_cidr_blocks": [],
            "prefix_list_ids": [],
            "protocol": "-1",
            "security_group_id": "sg-063227a2c94d5d0e9",
            "self": false,
            "source_security_group_id": null,
            "to_port": 0,
            "type": "egress"
          },
          "private": "eyJzY2hlbWFfdmVyc2lvbiI6IjIifQ==",
          "dependencies": [
            "module.eks.aws_security_group.cluster",
            "module.vpc.aws_vpc.this"
          ]
        }
      ]
    },
    {
      "module": "module.eks",
      "mode": "managed",
      "type": "aws_security_group_rule",
      "name": "cluster_https_worker_ingress",
      "provider": "provider[\"registry.terraform.io/hashicorp/aws\"]",
      "instances": [
        {
          "index_key": 0,
          "schema_version": 2,
          "attributes": {
            "cidr_blocks": [],
            "description": "Allow pods to communicate with the EKS cluster API.",
            "from_port": 443,
            "id": "sgrule-1298485940",
            "ipv6_cidr_blocks": [],
            "prefix_list_ids": [],
            "protocol": "tcp",
            "security_group_id": "sg-063227a2c94d5d0e9",
            "self": false,
            "source_security_group_id": "sg-08d3d22b811143b17",
            "to_port": 443,
            "type": "ingress"
          },
          "private": "eyJzY2hlbWFfdmVyc2lvbiI6IjIifQ==",
          "dependencies": [
            "module.eks.aws_security_group.cluster",
            "module.eks.aws_security_group.workers",
            "module.vpc.aws_vpc.this"
          ]
        }
      ]
    },
    {
      "module": "module.eks",
      "mode": "managed",
      "type": "aws_security_group_rule",
      "name": "workers_egress_internet",
      "provider": "provider[\"registry.terraform.io/hashicorp/aws\"]",
      "instances": [
        {
          "index_key": 0,
          "schema_version": 2,
          "attributes": {
            "cidr_blocks": [
              "0.0.0.0/0"
            ],
            "description": "Allow nodes all egress to the Internet.",
            "from_port": 0,
            "id": "sgrule-214783947",
            "ipv6_cidr_blocks": [],
            "prefix_list_ids": [],
            "protocol": "-1",
            "security_group_id": "sg-08d3d22b811143b17",
            "self": false,
            "source_security_group_id": null,
            "to_port": 0,
            "type": "egress"
          },
          "private": "eyJzY2hlbWFfdmVyc2lvbiI6IjIifQ==",
          "dependencies": [
            "module.eks.aws_security_group.workers",
            "module.vpc.aws_vpc.this"
          ]
        }
      ]
    },
    {
      "module": "module.eks",
      "mode": "managed",
      "type": "aws_security_group_rule",
      "name": "workers_ingress_cluster",
      "provider": "provider[\"registry.terraform.io/hashicorp/aws\"]",
      "instances": [
        {
          "index_key": 0,
          "schema_version": 2,
          "attributes": {
            "cidr_blocks": [],
            "description": "Allow workers pods to receive communication from the cluster control plane.",
            "from_port": 1025,
            "id": "sgrule-3342121325",
            "ipv6_cidr_blocks": [],
            "prefix_list_ids": [],
            "protocol": "tcp",
            "security_group_id": "sg-08d3d22b811143b17",
            "self": false,
            "source_security_group_id": "sg-063227a2c94d5d0e9",
            "to_port": 65535,
            "type": "ingress"
          },
          "private": "eyJzY2hlbWFfdmVyc2lvbiI6IjIifQ==",
          "dependencies": [
            "module.eks.aws_security_group.cluster",
            "module.eks.aws_security_group.workers",
            "module.vpc.aws_vpc.this"
          ]
        }
      ]
    },
    {
      "module": "module.eks",
      "mode": "managed",
      "type": "aws_security_group_rule",
      "name": "workers_ingress_cluster_https",
      "provider": "provider[\"registry.terraform.io/hashicorp/aws\"]",
      "instances": [
        {
          "index_key": 0,
          "schema_version": 2,
          "attributes": {
            "cidr_blocks": [],
            "description": "Allow pods running extension API servers on port 443 to receive communication from cluster control plane.",
            "from_port": 443,
            "id": "sgrule-889330029",
            "ipv6_cidr_blocks": [],
            "prefix_list_ids": [],
            "protocol": "tcp",
            "security_group_id": "sg-08d3d22b811143b17",
            "self": false,
            "source_security_group_id": "sg-063227a2c94d5d0e9",
            "to_port": 443,
            "type": "ingress"
          },
          "private": "eyJzY2hlbWFfdmVyc2lvbiI6IjIifQ==",
          "dependencies": [
            "module.eks.aws_security_group.cluster",
            "module.eks.aws_security_group.workers",
            "module.vpc.aws_vpc.this"
          ]
        }
      ]
    },
    {
      "module": "module.eks",
      "mode": "managed",
      "type": "aws_security_group_rule",
      "name": "workers_ingress_self",
      "provider": "provider[\"registry.terraform.io/hashicorp/aws\"]",
      "instances": [
        {
          "index_key": 0,
          "schema_version": 2,
          "attributes": {
            "cidr_blocks": [],
            "description": "Allow node to communicate with each other.",
            "from_port": 0,
            "id": "sgrule-508821725",
            "ipv6_cidr_blocks": [],
            "prefix_list_ids": [],
            "protocol": "-1",
            "security_group_id": "sg-08d3d22b811143b17",
            "self": false,
            "source_security_group_id": "sg-08d3d22b811143b17",
            "to_port": 0,
            "type": "ingress"
          },
          "private": "eyJzY2hlbWFfdmVyc2lvbiI6IjIifQ==",
          "dependencies": [
            "module.eks.aws_security_group.workers",
            "module.vpc.aws_vpc.this"
          ]
        }
      ]
    },
    {
      "module": "module.eks",
      "mode": "managed",
      "type": "kubernetes_config_map",
      "name": "aws_auth",
      "provider": "provider[\"registry.terraform.io/hashicorp/kubernetes\"]",
      "instances": [
        {
          "index_key": 0,
          "schema_version": 0,
          "attributes": {
            "binary_data": {},
            "data": {
              "mapAccounts": "[]\n",
              "mapRoles": "- \"groups\":\n  - \"system:bootstrappers\"\n  - \"system:nodes\"\n  \"rolearn\": \"arn:aws:iam::258717960431:role/challenge-test2021072815192245560000000a\"\n  \"username\": \"system:node:{{EC2PrivateDNSName}}\"\n- \"groups\":\n  - \"system:masters\"\n  \"rolearn\": \"arn:aws:iam::228559816236:role/eks-rol\"\n  \"username\": \"eks-rol\"\n",
              "mapUsers": "- \"groups\":\n  - \"system:masters\"\n  \"userarn\": \"arn:aws:iam::228559816236:user/deploy\"\n  \"username\": \"deploy\"\n"
            },
            "id": "kube-system/aws-auth",
            "metadata": [
              {
                "annotations": {},
                "generate_name": "",
                "generation": 0,
                "labels": {
                  "app.kubernetes.io/managed-by": "Terraform",
                  "terraform.io/module": "terraform-aws-modules.eks.aws"
                },
                "name": "aws-auth",
                "namespace": "kube-system",
                "resource_version": "868",
                "self_link": "/api/v1/namespaces/kube-system/configmaps/aws-auth",
                "uid": "e700373a-6e7e-46ca-a6ba-64128aff1e6b"
              }
            ]
          },
          "private": "bnVsbA==",
          "dependencies": [
            "aws_security_group.eks_all_worker",
            "data.aws_eks_cluster.cluster",
            "data.aws_eks_cluster_auth.cluster",
            "module.eks.aws_cloudwatch_log_group.this",
            "module.eks.aws_eks_cluster.this",
            "module.eks.aws_iam_instance_profile.workers",
            "module.eks.aws_iam_instance_profile.workers_launch_template",
            "module.eks.aws_iam_role.cluster",
            "module.eks.aws_iam_role.workers",
            "module.eks.aws_iam_role_policy_attachment.cluster_AmazonEKSClusterPolicy",
            "module.eks.aws_iam_role_policy_attachment.cluster_AmazonEKSServicePolicy",
            "module.eks.aws_iam_role_policy_attachment.cluster_AmazonEKSVPCResourceControllerPolicy",
            "module.eks.aws_security_group.cluster",
            "module.eks.aws_security_group.workers",
            "module.eks.aws_security_group_rule.cluster_egress_internet",
            "module.eks.aws_security_group_rule.cluster_https_worker_ingress",
            "module.eks.aws_security_group_rule.cluster_private_access",
            "module.eks.data.aws_ami.eks_worker",
            "module.eks.data.aws_caller_identity.current",
            "module.eks.data.aws_iam_instance_profile.custom_worker_group_iam_instance_profile",
            "module.eks.data.aws_iam_instance_profile.custom_worker_group_launch_template_iam_instance_profile",
            "module.eks.data.aws_iam_policy_document.cluster_assume_role_policy",
            "module.eks.data.aws_iam_policy_document.workers_assume_role_policy",
            "module.eks.data.aws_iam_role.custom_cluster_iam_role",
            "module.eks.data.aws_partition.current",
            "module.eks.module.fargate.aws_iam_role.eks_fargate_pod",
            "module.eks.module.fargate.data.aws_iam_role.custom_fargate_iam_role",
            "module.eks.null_resource.wait_for_cluster",
            "module.vpc.aws_subnet.private",
            "module.vpc.aws_vpc.this"
          ]
        }
      ]
    },
    {
      "module": "module.eks",
      "mode": "managed",
      "type": "local_file",
      "name": "kubeconfig",
      "provider": "provider[\"registry.terraform.io/hashicorp/local\"]",
      "instances": [
        {
          "index_key": 0,
          "schema_version": 0,
          "attributes": {
            "content": "apiVersion: v1\npreferences: {}\nkind: Config\n\nclusters:\n- cluster:\n    server: https://3BFD2AACF2FA97E31082A7BD98E1F586.gr7.us-east-2.eks.amazonaws.com\n    certificate-authority-data: LS0tLS1CRUdJTiBDRVJUSUZJQ0FURS0tLS0tCk1JSUN5RENDQWJDZ0F3SUJBZ0lCQURBTkJna3Foa2lHOXcwQkFRc0ZBREFWTVJNd0VRWURWUVFERXdwcmRXSmwKY201bGRHVnpNQjRYRFRJeE1EY3lPREUxTVRRd05Gb1hEVE14TURjeU5qRTFNVFF3TkZvd0ZURVRNQkVHQTFVRQpBeE1LYTNWaVpYSnVaWFJsY3pDQ0FTSXdEUVlKS29aSWh2Y05BUUVCQlFBRGdnRVBBRENDQVFvQ2dnRUJBTU1RCjIwODRCejM3MGlSWmw1bzdGOU81SjNSMGhyblNtbVZHUjRDR0k4Yk1oOEpJcm1BN0FxSWFzTEJrZ0cwMFNKQkQKbU03ZHZQR2prL29zcFJXT1lIamJ3ME5MelB3c1Z0ODBtQ2p4NWFEZU9SdkRQYjBBNmJwbDBqeDRGMXp1NTN4NQpQSklNYklEb3U1aFpGeFZSa2tZbC9keEJ4MmpLbFB0SUJ5N1MzbHpzY1VnSS9WcGE0WHlibzZaWXlKdVRLS1ArCi82UFgrNHhhQkFVY3lnalcyQ2tUeWZiS0c5RVFQS1VNenNCMW9JZEd3Y2NkV2dYaE94U1NIcm5GWmVNTlk1MngKR3J4cVJ1MlJ5WVJJK3k1OWZFS29CRTdIY240bER4U0VZM25YOEZ0QUpocG4wY2ZGRGNPS2l1L3JJaURDMVBkSwpmMzFWZk1Bc2FTS0dMWTYwLzE4Q0F3RUFBYU1qTUNFd0RnWURWUjBQQVFIL0JBUURBZ0trTUE4R0ExVWRFd0VCCi93UUZNQU1CQWY4d0RRWUpLb1pJaHZjTkFRRUxCUUFEZ2dFQkFFbFJ1SDF6TzRpRTMydlhERW9qYlFObE1NSDMKd3dJK2ZURFFNTFgzd1M0VjdRQXZDZytGemtucjlGZDRrSkhxK3NWYVJZZ1k3WGcxOXVuR2FPd01PZDY4azl4QQpJK2tZSm1mRnQxdkxrZWRucEdZbUNsK0VTKzN6YWtVTjVINTZjMHR1WGhwTGVTN09pQU9VMkw3Zm5CdHN2TXI5ClRVNXNVOGJzSE42bXFqRlJoeWs3WlJsM0h5V1B0MVM3ZnZSQlRLSkZqY0t3enpjTUdxRnlOMWpXMFRTUjhLSXcKTEdwelFkOVVEeDlLN0Nwd2pTNlFzdzF4SDZKQkRqQXNMYVRrMWViaTdsQ095VldJbHAvMUh5dXRkUVoreHJibgpXLzNxczlmeUdJR3Y1K0lXZkhQZ3Nqc01pbkdmVTF1aU1YVGoydkFOM1pYYVkzblQxMUlBR01Nakk3ND0KLS0tLS1FTkQgQ0VSVElGSUNBVEUtLS0tLQo=\n  name: eks_challenge-test\n\ncontexts:\n- context:\n    cluster: eks_challenge-test\n    user: eks_challenge-test\n  name: eks_challenge-test\n\ncurrent-context: eks_challenge-test\n\nusers:\n- name: eks_challenge-test\n  user:\n    exec:\n      apiVersion: client.authentication.k8s.io/v1alpha1\n      command: aws-iam-authenticator\n      args:\n        - \"token\"\n        - \"-i\"\n        - \"challenge-test\"\n",
            "content_base64": null,
            "directory_permission": "0755",
            "file_permission": "0644",
            "filename": "./kubeconfig_challenge-test",
            "id": "3306eff4db8459ad32678b0b5512bab128ae1561",
            "sensitive_content": null,
            "source": null
          },
          "private": "bnVsbA==",
          "dependencies": [
            "module.eks.aws_cloudwatch_log_group.this",
            "module.eks.aws_eks_cluster.this",
            "module.eks.aws_iam_role.cluster",
            "module.eks.aws_iam_role_policy_attachment.cluster_AmazonEKSClusterPolicy",
            "module.eks.aws_iam_role_policy_attachment.cluster_AmazonEKSServicePolicy",
            "module.eks.aws_iam_role_policy_attachment.cluster_AmazonEKSVPCResourceControllerPolicy",
            "module.eks.aws_security_group.cluster",
            "module.eks.aws_security_group.workers",
            "module.eks.aws_security_group_rule.cluster_egress_internet",
            "module.eks.aws_security_group_rule.cluster_https_worker_ingress",
            "module.eks.data.aws_iam_policy_document.cluster_assume_role_policy",
            "module.eks.data.aws_iam_role.custom_cluster_iam_role",
            "module.eks.data.aws_partition.current",
            "module.vpc.aws_subnet.private",
            "module.vpc.aws_vpc.this"
          ]
        }
      ]
    },
    {
      "module": "module.eks",
      "mode": "managed",
      "type": "null_resource",
      "name": "wait_for_cluster",
      "provider": "provider[\"registry.terraform.io/hashicorp/null\"]",
      "instances": [
        {
          "index_key": 0,
          "schema_version": 0,
          "attributes": {
            "id": "6980656751244980699",
            "triggers": null
          },
          "private": "bnVsbA==",
          "dependencies": [
            "module.eks.aws_cloudwatch_log_group.this",
            "module.eks.aws_eks_cluster.this",
            "module.eks.aws_iam_role.cluster",
            "module.eks.aws_iam_role_policy_attachment.cluster_AmazonEKSClusterPolicy",
            "module.eks.aws_iam_role_policy_attachment.cluster_AmazonEKSServicePolicy",
            "module.eks.aws_iam_role_policy_attachment.cluster_AmazonEKSVPCResourceControllerPolicy",
            "module.eks.aws_security_group.cluster",
            "module.eks.aws_security_group.workers",
            "module.eks.aws_security_group_rule.cluster_egress_internet",
            "module.eks.aws_security_group_rule.cluster_https_worker_ingress",
            "module.eks.aws_security_group_rule.cluster_private_access",
            "module.eks.data.aws_iam_policy_document.cluster_assume_role_policy",
            "module.eks.data.aws_iam_role.custom_cluster_iam_role",
            "module.eks.data.aws_partition.current",
            "module.vpc.aws_subnet.private",
            "module.vpc.aws_vpc.this"
          ]
        }
      ]
    },
    {
      "module": "module.eks",
      "mode": "managed",
      "type": "random_pet",
      "name": "workers",
      "provider": "provider[\"registry.terraform.io/hashicorp/random\"]",
      "instances": [
        {
          "index_key": 0,
          "schema_version": 0,
          "attributes": {
            "id": "finer-louse",
            "keepers": {
              "lc_name": "challenge-test-challenges2021072815192477900000000f"
            },
            "length": 2,
            "prefix": null,
            "separator": "-"
          },
          "private": "bnVsbA==",
          "dependencies": [
            "aws_security_group.eks_all_worker",
            "module.eks.aws_cloudwatch_log_group.this",
            "module.eks.aws_eks_cluster.this",
            "module.eks.aws_iam_instance_profile.workers",
            "module.eks.aws_iam_role.cluster",
            "module.eks.aws_iam_role.workers",
            "module.eks.aws_iam_role_policy_attachment.cluster_AmazonEKSClusterPolicy",
            "module.eks.aws_iam_role_policy_attachment.cluster_AmazonEKSServicePolicy",
            "module.eks.aws_iam_role_policy_attachment.cluster_AmazonEKSVPCResourceControllerPolicy",
            "module.eks.aws_iam_role_policy_attachment.workers_AmazonEC2ContainerRegistryReadOnly",
            "module.eks.aws_iam_role_policy_attachment.workers_AmazonEKSWorkerNodePolicy",
            "module.eks.aws_iam_role_policy_attachment.workers_AmazonEKS_CNI_Policy",
            "module.eks.aws_iam_role_policy_attachment.workers_additional_policies",
            "module.eks.aws_launch_configuration.workers",
            "module.eks.aws_security_group.cluster",
            "module.eks.aws_security_group.workers",
            "module.eks.aws_security_group_rule.cluster_egress_internet",
            "module.eks.aws_security_group_rule.cluster_https_worker_ingress",
            "module.eks.aws_security_group_rule.cluster_primary_ingress_workers",
            "module.eks.aws_security_group_rule.workers_egress_internet",
            "module.eks.aws_security_group_rule.workers_ingress_cluster",
            "module.eks.aws_security_group_rule.workers_ingress_cluster_https",
            "module.eks.aws_security_group_rule.workers_ingress_cluster_kubelet",
            "module.eks.aws_security_group_rule.workers_ingress_cluster_primary",
            "module.eks.aws_security_group_rule.workers_ingress_self",
            "module.eks.data.aws_ami.eks_worker",
            "module.eks.data.aws_ami.eks_worker_windows",
            "module.eks.data.aws_iam_instance_profile.custom_worker_group_iam_instance_profile",
            "module.eks.data.aws_iam_policy_document.cluster_assume_role_policy",
            "module.eks.data.aws_iam_policy_document.workers_assume_role_policy",
            "module.eks.data.aws_iam_role.custom_cluster_iam_role",
            "module.eks.data.aws_partition.current",
            "module.eks.data.template_file.userdata",
            "module.vpc.aws_subnet.private",
            "module.vpc.aws_vpc.this"
          ],
          "create_before_destroy": true
        }
      ]
    },
    {
      "module": "module.vpc",
      "mode": "managed",
      "type": "aws_eip",
      "name": "nat",
      "provider": "provider[\"registry.terraform.io/hashicorp/aws\"]",
      "instances": [
        {
          "index_key": 0,
          "schema_version": 0,
          "attributes": {
            "address": null,
            "allocation_id": null,
            "associate_with_private_ip": null,
            "association_id": "eipassoc-0cd175f8ffc70c1a3",
            "carrier_ip": "",
            "customer_owned_ip": "",
            "customer_owned_ipv4_pool": "",
            "domain": "vpc",
            "id": "eipalloc-018b0ba920f4dc1b7",
            "instance": "",
            "network_border_group": "us-east-2",
            "network_interface": "eni-0d2f3291948611613",
            "private_dns": "ip-10-10-4-33.us-east-2.compute.internal",
            "private_ip": "10.10.4.33",
            "public_dns": "ec2-3-19-1-201.us-east-2.compute.amazonaws.com",
            "public_ip": "3.19.1.201",
            "public_ipv4_pool": "amazon",
            "tags": {
              "Name": "challenge-vpc-us-east-2a",
              "kubernetes.io/cluster/challenge-test": "shared"
            },
            "tags_all": {
              "Name": "challenge-vpc-us-east-2a",
              "kubernetes.io/cluster/challenge-test": "shared"
            },
            "timeouts": null,
            "vpc": true
          },
          "private": "eyJlMmJmYjczMC1lY2FhLTExZTYtOGY4OC0zNDM2M2JjN2M0YzAiOnsiZGVsZXRlIjoxODAwMDAwMDAwMDAsInJlYWQiOjkwMDAwMDAwMDAwMCwidXBkYXRlIjozMDAwMDAwMDAwMDB9fQ==",
          "dependencies": [
            "data.aws_availability_zones.available"
          ]
        }
      ]
    },
    {
      "module": "module.vpc",
      "mode": "managed",
      "type": "aws_internet_gateway",
      "name": "this",
      "provider": "provider[\"registry.terraform.io/hashicorp/aws\"]",
      "instances": [
        {
          "index_key": 0,
          "schema_version": 0,
          "attributes": {
            "arn": "arn:aws:ec2:us-east-2:258717960431:internet-gateway/igw-00dabce8614fdc9eb",
            "id": "igw-00dabce8614fdc9eb",
            "owner_id": "258717960431",
            "tags": {
              "Name": "challenge-vpc",
              "kubernetes.io/cluster/challenge-test": "shared"
            },
            "tags_all": {
              "Name": "challenge-vpc",
              "kubernetes.io/cluster/challenge-test": "shared"
            },
            "vpc_id": "vpc-0d6755302de97bdad"
          },
          "private": "bnVsbA==",
          "dependencies": [
            "module.vpc.aws_vpc.this",
            "module.vpc.aws_vpc_ipv4_cidr_block_association.this"
          ]
        }
      ]
    },
    {
      "module": "module.vpc",
      "mode": "managed",
      "type": "aws_nat_gateway",
      "name": "this",
      "provider": "provider[\"registry.terraform.io/hashicorp/aws\"]",
      "instances": [
        {
          "index_key": 0,
          "schema_version": 0,
          "attributes": {
            "allocation_id": "eipalloc-018b0ba920f4dc1b7",
            "connectivity_type": "public",
            "id": "nat-0bb1d5ac3be8e3ca3",
            "network_interface_id": "eni-0d2f3291948611613",
            "private_ip": "10.10.4.33",
            "public_ip": "3.19.1.201",
            "subnet_id": "subnet-0dc8880142a7f749f",
            "tags": {
              "Name": "challenge-vpc-us-east-2a",
              "kubernetes.io/cluster/challenge-test": "shared"
            },
            "tags_all": {
              "Name": "challenge-vpc-us-east-2a",
              "kubernetes.io/cluster/challenge-test": "shared"
            }
          },
          "private": "bnVsbA==",
          "dependencies": [
            "data.aws_availability_zones.available",
            "module.vpc.aws_eip.nat",
            "module.vpc.aws_internet_gateway.this",
            "module.vpc.aws_subnet.public"
          ]
        }
      ]
    },
    {
      "module": "module.vpc",
      "mode": "managed",
      "type": "aws_route",
      "name": "private_nat_gateway",
      "provider": "provider[\"registry.terraform.io/hashicorp/aws\"]",
      "instances": [
        {
          "index_key": 0,
          "schema_version": 0,
          "attributes": {
            "carrier_gateway_id": "",
            "destination_cidr_block": "0.0.0.0/0",
            "destination_ipv6_cidr_block": "",
            "destination_prefix_list_id": "",
            "egress_only_gateway_id": "",
            "gateway_id": "",
            "id": "r-rtb-034925c76676189291080289494",
            "instance_id": "",
            "instance_owner_id": "",
            "local_gateway_id": "",
            "nat_gateway_id": "nat-0bb1d5ac3be8e3ca3",
            "network_interface_id": "",
            "origin": "CreateRoute",
            "route_table_id": "rtb-034925c7667618929",
            "state": "active",
            "timeouts": {
              "create": "5m",
              "delete": null
            },
            "transit_gateway_id": "",
            "vpc_endpoint_id": "",
            "vpc_peering_connection_id": ""
          },
          "private": "eyJlMmJmYjczMC1lY2FhLTExZTYtOGY4OC0zNDM2M2JjN2M0YzAiOnsiY3JlYXRlIjozMDAwMDAwMDAwMDAsImRlbGV0ZSI6MzAwMDAwMDAwMDAwfX0=",
          "dependencies": [
            "data.aws_availability_zones.available",
            "module.vpc.aws_eip.nat",
            "module.vpc.aws_internet_gateway.this",
            "module.vpc.aws_nat_gateway.this",
            "module.vpc.aws_route_table.private",
            "module.vpc.aws_subnet.public"
          ]
        }
      ]
    },
    {
      "module": "module.vpc",
      "mode": "managed",
      "type": "aws_route",
      "name": "public_internet_gateway",
      "provider": "provider[\"registry.terraform.io/hashicorp/aws\"]",
      "instances": [
        {
          "index_key": 0,
          "schema_version": 0,
          "attributes": {
            "carrier_gateway_id": "",
            "destination_cidr_block": "0.0.0.0/0",
            "destination_ipv6_cidr_block": "",
            "destination_prefix_list_id": "",
            "egress_only_gateway_id": "",
            "gateway_id": "igw-00dabce8614fdc9eb",
            "id": "r-rtb-0e497975d791b5ad81080289494",
            "instance_id": "",
            "instance_owner_id": "",
            "local_gateway_id": "",
            "nat_gateway_id": "",
            "network_interface_id": "",
            "origin": "CreateRoute",
            "route_table_id": "rtb-0e497975d791b5ad8",
            "state": "active",
            "timeouts": {
              "create": "5m",
              "delete": null
            },
            "transit_gateway_id": "",
            "vpc_endpoint_id": "",
            "vpc_peering_connection_id": ""
          },
          "private": "eyJlMmJmYjczMC1lY2FhLTExZTYtOGY4OC0zNDM2M2JjN2M0YzAiOnsiY3JlYXRlIjozMDAwMDAwMDAwMDAsImRlbGV0ZSI6MzAwMDAwMDAwMDAwfX0=",
          "dependencies": [
            "module.vpc.aws_internet_gateway.this",
            "module.vpc.aws_route_table.public",
            "module.vpc.aws_vpc.this",
            "module.vpc.aws_vpc_ipv4_cidr_block_association.this"
          ]
        }
      ]
    },
    {
      "module": "module.vpc",
      "mode": "managed",
      "type": "aws_route_table",
      "name": "private",
      "provider": "provider[\"registry.terraform.io/hashicorp/aws\"]",
      "instances": [
        {
          "index_key": 0,
          "schema_version": 0,
          "attributes": {
            "arn": "arn:aws:ec2:us-east-2:258717960431:route-table/rtb-034925c7667618929",
            "id": "rtb-034925c7667618929",
            "owner_id": "258717960431",
            "propagating_vgws": [],
            "route": [
              {
                "carrier_gateway_id": "",
                "cidr_block": "0.0.0.0/0",
                "destination_prefix_list_id": "",
                "egress_only_gateway_id": "",
                "gateway_id": "",
                "instance_id": "",
                "ipv6_cidr_block": "",
                "local_gateway_id": "",
                "nat_gateway_id": "nat-0bb1d5ac3be8e3ca3",
                "network_interface_id": "",
                "transit_gateway_id": "",
                "vpc_endpoint_id": "",
                "vpc_peering_connection_id": ""
              }
            ],
            "tags": {
              "Name": "challenge-vpc-private",
              "kubernetes.io/cluster/challenge-test": "shared"
            },
            "tags_all": {
              "Name": "challenge-vpc-private",
              "kubernetes.io/cluster/challenge-test": "shared"
            },
            "vpc_id": "vpc-0d6755302de97bdad"
          },
          "private": "bnVsbA==",
          "dependencies": [
            "data.aws_availability_zones.available",
            "module.vpc.aws_vpc.this",
            "module.vpc.aws_vpc_ipv4_cidr_block_association.this"
          ]
        }
      ]
    },
    {
      "module": "module.vpc",
      "mode": "managed",
      "type": "aws_route_table",
      "name": "public",
      "provider": "provider[\"registry.terraform.io/hashicorp/aws\"]",
      "instances": [
        {
          "index_key": 0,
          "schema_version": 0,
          "attributes": {
            "arn": "arn:aws:ec2:us-east-2:258717960431:route-table/rtb-0e497975d791b5ad8",
            "id": "rtb-0e497975d791b5ad8",
            "owner_id": "258717960431",
            "propagating_vgws": [],
            "route": [
              {
                "carrier_gateway_id": "",
                "cidr_block": "0.0.0.0/0",
                "destination_prefix_list_id": "",
                "egress_only_gateway_id": "",
                "gateway_id": "igw-00dabce8614fdc9eb",
                "instance_id": "",
                "ipv6_cidr_block": "",
                "local_gateway_id": "",
                "nat_gateway_id": "",
                "network_interface_id": "",
                "transit_gateway_id": "",
                "vpc_endpoint_id": "",
                "vpc_peering_connection_id": ""
              }
            ],
            "tags": {
              "Name": "challenge-vpc-public",
              "kubernetes.io/cluster/challenge-test": "shared"
            },
            "tags_all": {
              "Name": "challenge-vpc-public",
              "kubernetes.io/cluster/challenge-test": "shared"
            },
            "vpc_id": "vpc-0d6755302de97bdad"
          },
          "private": "bnVsbA==",
          "dependencies": [
            "module.vpc.aws_vpc.this",
            "module.vpc.aws_vpc_ipv4_cidr_block_association.this"
          ]
        }
      ]
    },
    {
      "module": "module.vpc",
      "mode": "managed",
      "type": "aws_route_table_association",
      "name": "private",
      "provider": "provider[\"registry.terraform.io/hashicorp/aws\"]",
      "instances": [
        {
          "index_key": 0,
          "schema_version": 0,
          "attributes": {
            "gateway_id": "",
            "id": "rtbassoc-0bc605ecdfd507147",
            "route_table_id": "rtb-034925c7667618929",
            "subnet_id": "subnet-07c083ba6fcd910a0"
          },
          "private": "bnVsbA==",
          "dependencies": [
            "data.aws_availability_zones.available",
            "module.vpc.aws_route_table.private",
            "module.vpc.aws_subnet.private",
            "module.vpc.aws_vpc.this",
            "module.vpc.aws_vpc_ipv4_cidr_block_association.this"
          ]
        },
        {
          "index_key": 1,
          "schema_version": 0,
          "attributes": {
            "gateway_id": "",
            "id": "rtbassoc-039f1b5a2e88d5ba0",
            "route_table_id": "rtb-034925c7667618929",
            "subnet_id": "subnet-05eea854b364427aa"
          },
          "private": "bnVsbA==",
          "dependencies": [
            "data.aws_availability_zones.available",
            "module.vpc.aws_route_table.private",
            "module.vpc.aws_subnet.private",
            "module.vpc.aws_vpc.this",
            "module.vpc.aws_vpc_ipv4_cidr_block_association.this"
          ]
        },
        {
          "index_key": 2,
          "schema_version": 0,
          "attributes": {
            "gateway_id": "",
            "id": "rtbassoc-04b4fdf68f892d04c",
            "route_table_id": "rtb-034925c7667618929",
            "subnet_id": "subnet-0a08015d394f3cfd3"
          },
          "private": "bnVsbA==",
          "dependencies": [
            "data.aws_availability_zones.available",
            "module.vpc.aws_route_table.private",
            "module.vpc.aws_subnet.private",
            "module.vpc.aws_vpc.this",
            "module.vpc.aws_vpc_ipv4_cidr_block_association.this"
          ]
        }
      ]
    },
    {
      "module": "module.vpc",
      "mode": "managed",
      "type": "aws_route_table_association",
      "name": "public",
      "provider": "provider[\"registry.terraform.io/hashicorp/aws\"]",
      "instances": [
        {
          "index_key": 0,
          "schema_version": 0,
          "attributes": {
            "gateway_id": "",
            "id": "rtbassoc-03e26a82893196399",
            "route_table_id": "rtb-0e497975d791b5ad8",
            "subnet_id": "subnet-0dc8880142a7f749f"
          },
          "private": "bnVsbA==",
          "dependencies": [
            "data.aws_availability_zones.available",
            "module.vpc.aws_route_table.public",
            "module.vpc.aws_subnet.public",
            "module.vpc.aws_vpc.this",
            "module.vpc.aws_vpc_ipv4_cidr_block_association.this"
          ]
        },
        {
          "index_key": 1,
          "schema_version": 0,
          "attributes": {
            "gateway_id": "",
            "id": "rtbassoc-0aef8147f17606858",
            "route_table_id": "rtb-0e497975d791b5ad8",
            "subnet_id": "subnet-0d1d3782d2422253a"
          },
          "private": "bnVsbA==",
          "dependencies": [
            "data.aws_availability_zones.available",
            "module.vpc.aws_route_table.public",
            "module.vpc.aws_subnet.public",
            "module.vpc.aws_vpc.this",
            "module.vpc.aws_vpc_ipv4_cidr_block_association.this"
          ]
        },
        {
          "index_key": 2,
          "schema_version": 0,
          "attributes": {
            "gateway_id": "",
            "id": "rtbassoc-045dd5a3b02da8117",
            "route_table_id": "rtb-0e497975d791b5ad8",
            "subnet_id": "subnet-0125c2d400e92be0a"
          },
          "private": "bnVsbA==",
          "dependencies": [
            "data.aws_availability_zones.available",
            "module.vpc.aws_route_table.public",
            "module.vpc.aws_subnet.public",
            "module.vpc.aws_vpc.this",
            "module.vpc.aws_vpc_ipv4_cidr_block_association.this"
          ]
        }
      ]
    },
    {
      "module": "module.vpc",
      "mode": "managed",
      "type": "aws_subnet",
      "name": "private",
      "provider": "provider[\"registry.terraform.io/hashicorp/aws\"]",
      "instances": [
        {
          "index_key": 0,
          "schema_version": 1,
          "attributes": {
            "arn": "arn:aws:ec2:us-east-2:258717960431:subnet/subnet-07c083ba6fcd910a0",
            "assign_ipv6_address_on_creation": false,
            "availability_zone": "us-east-2a",
            "availability_zone_id": "use2-az1",
            "cidr_block": "10.10.1.0/24",
            "customer_owned_ipv4_pool": "",
            "id": "subnet-07c083ba6fcd910a0",
            "ipv6_cidr_block": "",
            "ipv6_cidr_block_association_id": "",
            "map_customer_owned_ip_on_launch": false,
            "map_public_ip_on_launch": false,
            "outpost_arn": "",
            "owner_id": "258717960431",
            "tags": {
              "Name": "challenge-vpc-private-us-east-2a",
              "kubernetes.io/cluster/challenge-test": "shared",
              "kubernetes.io/role/internal-elb": "1"
            },
            "tags_all": {
              "Name": "challenge-vpc-private-us-east-2a",
              "kubernetes.io/cluster/challenge-test": "shared",
              "kubernetes.io/role/internal-elb": "1"
            },
            "timeouts": null,
            "vpc_id": "vpc-0d6755302de97bdad"
          },
          "private": "eyJlMmJmYjczMC1lY2FhLTExZTYtOGY4OC0zNDM2M2JjN2M0YzAiOnsiY3JlYXRlIjo2MDAwMDAwMDAwMDAsImRlbGV0ZSI6MTIwMDAwMDAwMDAwMH0sInNjaGVtYV92ZXJzaW9uIjoiMSJ9",
          "dependencies": [
            "data.aws_availability_zones.available",
            "module.vpc.aws_vpc.this",
            "module.vpc.aws_vpc_ipv4_cidr_block_association.this"
          ]
        },
        {
          "index_key": 1,
          "schema_version": 1,
          "attributes": {
            "arn": "arn:aws:ec2:us-east-2:258717960431:subnet/subnet-05eea854b364427aa",
            "assign_ipv6_address_on_creation": false,
            "availability_zone": "us-east-2b",
            "availability_zone_id": "use2-az2",
            "cidr_block": "10.10.2.0/24",
            "customer_owned_ipv4_pool": "",
            "id": "subnet-05eea854b364427aa",
            "ipv6_cidr_block": "",
            "ipv6_cidr_block_association_id": "",
            "map_customer_owned_ip_on_launch": false,
            "map_public_ip_on_launch": false,
            "outpost_arn": "",
            "owner_id": "258717960431",
            "tags": {
              "Name": "challenge-vpc-private-us-east-2b",
              "kubernetes.io/cluster/challenge-test": "shared",
              "kubernetes.io/role/internal-elb": "1"
            },
            "tags_all": {
              "Name": "challenge-vpc-private-us-east-2b",
              "kubernetes.io/cluster/challenge-test": "shared",
              "kubernetes.io/role/internal-elb": "1"
            },
            "timeouts": null,
            "vpc_id": "vpc-0d6755302de97bdad"
          },
          "private": "eyJlMmJmYjczMC1lY2FhLTExZTYtOGY4OC0zNDM2M2JjN2M0YzAiOnsiY3JlYXRlIjo2MDAwMDAwMDAwMDAsImRlbGV0ZSI6MTIwMDAwMDAwMDAwMH0sInNjaGVtYV92ZXJzaW9uIjoiMSJ9",
          "dependencies": [
            "data.aws_availability_zones.available",
            "module.vpc.aws_vpc.this",
            "module.vpc.aws_vpc_ipv4_cidr_block_association.this"
          ]
        },
        {
          "index_key": 2,
          "schema_version": 1,
          "attributes": {
            "arn": "arn:aws:ec2:us-east-2:258717960431:subnet/subnet-0a08015d394f3cfd3",
            "assign_ipv6_address_on_creation": false,
            "availability_zone": "us-east-2c",
            "availability_zone_id": "use2-az3",
            "cidr_block": "10.10.3.0/24",
            "customer_owned_ipv4_pool": "",
            "id": "subnet-0a08015d394f3cfd3",
            "ipv6_cidr_block": "",
            "ipv6_cidr_block_association_id": "",
            "map_customer_owned_ip_on_launch": false,
            "map_public_ip_on_launch": false,
            "outpost_arn": "",
            "owner_id": "258717960431",
            "tags": {
              "Name": "challenge-vpc-private-us-east-2c",
              "kubernetes.io/cluster/challenge-test": "shared",
              "kubernetes.io/role/internal-elb": "1"
            },
            "tags_all": {
              "Name": "challenge-vpc-private-us-east-2c",
              "kubernetes.io/cluster/challenge-test": "shared",
              "kubernetes.io/role/internal-elb": "1"
            },
            "timeouts": null,
            "vpc_id": "vpc-0d6755302de97bdad"
          },
          "private": "eyJlMmJmYjczMC1lY2FhLTExZTYtOGY4OC0zNDM2M2JjN2M0YzAiOnsiY3JlYXRlIjo2MDAwMDAwMDAwMDAsImRlbGV0ZSI6MTIwMDAwMDAwMDAwMH0sInNjaGVtYV92ZXJzaW9uIjoiMSJ9",
          "dependencies": [
            "data.aws_availability_zones.available",
            "module.vpc.aws_vpc.this",
            "module.vpc.aws_vpc_ipv4_cidr_block_association.this"
          ]
        }
      ]
    },
    {
      "module": "module.vpc",
      "mode": "managed",
      "type": "aws_subnet",
      "name": "public",
      "provider": "provider[\"registry.terraform.io/hashicorp/aws\"]",
      "instances": [
        {
          "index_key": 0,
          "schema_version": 1,
          "attributes": {
            "arn": "arn:aws:ec2:us-east-2:258717960431:subnet/subnet-0dc8880142a7f749f",
            "assign_ipv6_address_on_creation": false,
            "availability_zone": "us-east-2a",
            "availability_zone_id": "use2-az1",
            "cidr_block": "10.10.4.0/24",
            "customer_owned_ipv4_pool": "",
            "id": "subnet-0dc8880142a7f749f",
            "ipv6_cidr_block": "",
            "ipv6_cidr_block_association_id": "",
            "map_customer_owned_ip_on_launch": false,
            "map_public_ip_on_launch": true,
            "outpost_arn": "",
            "owner_id": "258717960431",
            "tags": {
              "Name": "challenge-vpc-public-us-east-2a",
              "kubernetes.io/cluster/challenge-test": "shared",
              "kubernetes.io/role/elb": "1"
            },
            "tags_all": {
              "Name": "challenge-vpc-public-us-east-2a",
              "kubernetes.io/cluster/challenge-test": "shared",
              "kubernetes.io/role/elb": "1"
            },
            "timeouts": null,
            "vpc_id": "vpc-0d6755302de97bdad"
          },
          "private": "eyJlMmJmYjczMC1lY2FhLTExZTYtOGY4OC0zNDM2M2JjN2M0YzAiOnsiY3JlYXRlIjo2MDAwMDAwMDAwMDAsImRlbGV0ZSI6MTIwMDAwMDAwMDAwMH0sInNjaGVtYV92ZXJzaW9uIjoiMSJ9",
          "dependencies": [
            "data.aws_availability_zones.available",
            "module.vpc.aws_vpc.this",
            "module.vpc.aws_vpc_ipv4_cidr_block_association.this"
          ]
        },
        {
          "index_key": 1,
          "schema_version": 1,
          "attributes": {
            "arn": "arn:aws:ec2:us-east-2:258717960431:subnet/subnet-0d1d3782d2422253a",
            "assign_ipv6_address_on_creation": false,
            "availability_zone": "us-east-2b",
            "availability_zone_id": "use2-az2",
            "cidr_block": "10.10.5.0/24",
            "customer_owned_ipv4_pool": "",
            "id": "subnet-0d1d3782d2422253a",
            "ipv6_cidr_block": "",
            "ipv6_cidr_block_association_id": "",
            "map_customer_owned_ip_on_launch": false,
            "map_public_ip_on_launch": true,
            "outpost_arn": "",
            "owner_id": "258717960431",
            "tags": {
              "Name": "challenge-vpc-public-us-east-2b",
              "kubernetes.io/cluster/challenge-test": "shared",
              "kubernetes.io/role/elb": "1"
            },
            "tags_all": {
              "Name": "challenge-vpc-public-us-east-2b",
              "kubernetes.io/cluster/challenge-test": "shared",
              "kubernetes.io/role/elb": "1"
            },
            "timeouts": null,
            "vpc_id": "vpc-0d6755302de97bdad"
          },
          "private": "eyJlMmJmYjczMC1lY2FhLTExZTYtOGY4OC0zNDM2M2JjN2M0YzAiOnsiY3JlYXRlIjo2MDAwMDAwMDAwMDAsImRlbGV0ZSI6MTIwMDAwMDAwMDAwMH0sInNjaGVtYV92ZXJzaW9uIjoiMSJ9",
          "dependencies": [
            "data.aws_availability_zones.available",
            "module.vpc.aws_vpc.this",
            "module.vpc.aws_vpc_ipv4_cidr_block_association.this"
          ]
        },
        {
          "index_key": 2,
          "schema_version": 1,
          "attributes": {
            "arn": "arn:aws:ec2:us-east-2:258717960431:subnet/subnet-0125c2d400e92be0a",
            "assign_ipv6_address_on_creation": false,
            "availability_zone": "us-east-2c",
            "availability_zone_id": "use2-az3",
            "cidr_block": "10.10.6.0/24",
            "customer_owned_ipv4_pool": "",
            "id": "subnet-0125c2d400e92be0a",
            "ipv6_cidr_block": "",
            "ipv6_cidr_block_association_id": "",
            "map_customer_owned_ip_on_launch": false,
            "map_public_ip_on_launch": true,
            "outpost_arn": "",
            "owner_id": "258717960431",
            "tags": {
              "Name": "challenge-vpc-public-us-east-2c",
              "kubernetes.io/cluster/challenge-test": "shared",
              "kubernetes.io/role/elb": "1"
            },
            "tags_all": {
              "Name": "challenge-vpc-public-us-east-2c",
              "kubernetes.io/cluster/challenge-test": "shared",
              "kubernetes.io/role/elb": "1"
            },
            "timeouts": null,
            "vpc_id": "vpc-0d6755302de97bdad"
          },
          "private": "eyJlMmJmYjczMC1lY2FhLTExZTYtOGY4OC0zNDM2M2JjN2M0YzAiOnsiY3JlYXRlIjo2MDAwMDAwMDAwMDAsImRlbGV0ZSI6MTIwMDAwMDAwMDAwMH0sInNjaGVtYV92ZXJzaW9uIjoiMSJ9",
          "dependencies": [
            "data.aws_availability_zones.available",
            "module.vpc.aws_vpc.this",
            "module.vpc.aws_vpc_ipv4_cidr_block_association.this"
          ]
        }
      ]
    },
    {
      "module": "module.vpc",
      "mode": "managed",
      "type": "aws_vpc",
      "name": "this",
      "provider": "provider[\"registry.terraform.io/hashicorp/aws\"]",
      "instances": [
        {
          "index_key": 0,
          "schema_version": 1,
          "attributes": {
            "arn": "arn:aws:ec2:us-east-2:258717960431:vpc/vpc-0d6755302de97bdad",
            "assign_generated_ipv6_cidr_block": true,
            "cidr_block": "10.10.0.0/16",
            "default_network_acl_id": "acl-00650e044b041abe0",
            "default_route_table_id": "rtb-07a8c2a0164f7c4b5",
            "default_security_group_id": "sg-0033100bc308c594a",
            "dhcp_options_id": "dopt-907b3efb",
            "enable_classiclink": null,
            "enable_classiclink_dns_support": null,
            "enable_dns_hostnames": true,
            "enable_dns_support": true,
            "id": "vpc-0d6755302de97bdad",
            "instance_tenancy": "default",
            "ipv6_association_id": "vpc-cidr-assoc-0607cd86199e0e0f5",
            "ipv6_cidr_block": "2600:1f16:37:d300::/56",
            "main_route_table_id": "rtb-07a8c2a0164f7c4b5",
            "owner_id": "258717960431",
            "tags": {
              "Name": "challenge-vpc",
              "kubernetes.io/cluster/challenge-test": "shared"
            },
            "tags_all": {
              "Name": "challenge-vpc",
              "kubernetes.io/cluster/challenge-test": "shared"
            }
          },
          "private": "eyJzY2hlbWFfdmVyc2lvbiI6IjEifQ=="
        }
      ]
    }
  ]
}
